// !$*UTF8*$!
{
	archiveVersion = 1;
	classes = {
	};
	objectVersion = 56;
	objects = {

/* Begin PBXBuildFile section */
		AC3F5B432987E586005510A5 /* AppDelegate.swift in Sources */ = {isa = PBXBuildFile; fileRef = AC3F5B422987E586005510A5 /* AppDelegate.swift */; };
		AC3F5B452987E586005510A5 /* SceneDelegate.swift in Sources */ = {isa = PBXBuildFile; fileRef = AC3F5B442987E586005510A5 /* SceneDelegate.swift */; };
		AC3F5B472987E586005510A5 /* ViewController.swift in Sources */ = {isa = PBXBuildFile; fileRef = AC3F5B462987E586005510A5 /* ViewController.swift */; };
		AC3F5B4A2987E586005510A5 /* Main.storyboard in Resources */ = {isa = PBXBuildFile; fileRef = AC3F5B482987E586005510A5 /* Main.storyboard */; };
		AC3F5B4D2987E586005510A5 /* P04_MapJournal.xcdatamodeld in Sources */ = {isa = PBXBuildFile; fileRef = AC3F5B4B2987E586005510A5 /* P04_MapJournal.xcdatamodeld */; };
		AC3F5B4F2987E586005510A5 /* Assets.xcassets in Resources */ = {isa = PBXBuildFile; fileRef = AC3F5B4E2987E586005510A5 /* Assets.xcassets */; };
		AC3F5B522987E586005510A5 /* LaunchScreen.storyboard in Resources */ = {isa = PBXBuildFile; fileRef = AC3F5B502987E586005510A5 /* LaunchScreen.storyboard */; };
		AC95BE5F298C019800735503 /* ListViewController.swift in Sources */ = {isa = PBXBuildFile; fileRef = AC95BE5E298C019800735503 /* ListViewController.swift */; };
/* End PBXBuildFile section */

/* Begin PBXFileReference section */
		AC3F5B3F2987E586005510A5 /* P04-MapJournal.app */ = {isa = PBXFileReference; explicitFileType = wrapper.application; includeInIndex = 0; path = "P04-MapJournal.app"; sourceTree = BUILT_PRODUCTS_DIR; };
		AC3F5B422987E586005510A5 /* AppDelegate.swift */ = {isa = PBXFileReference; lastKnownFileType = sourcecode.swift; path = AppDelegate.swift; sourceTree = "<group>"; };
		AC3F5B442987E586005510A5 /* SceneDelegate.swift */ = {isa = PBXFileReference; lastKnownFileType = sourcecode.swift; path = SceneDelegate.swift; sourceTree = "<group>"; };
		AC3F5B462987E586005510A5 /* ViewController.swift */ = {isa = PBXFileReference; lastKnownFileType = sourcecode.swift; path = ViewController.swift; sourceTree = "<group>"; };
		AC3F5B492987E586005510A5 /* Base */ = {isa = PBXFileReference; lastKnownFileType = file.storyboard; name = Base; path = Base.lproj/Main.storyboard; sourceTree = "<group>"; };
		AC3F5B4C2987E586005510A5 /* P04_MapJournal.xcdatamodel */ = {isa = PBXFileReference; lastKnownFileType = wrapper.xcdatamodel; path = P04_MapJournal.xcdatamodel; sourceTree = "<group>"; };
		AC3F5B4E2987E586005510A5 /* Assets.xcassets */ = {isa = PBXFileReference; lastKnownFileType = folder.assetcatalog; path = Assets.xcassets; sourceTree = "<group>"; };
		AC3F5B512987E586005510A5 /* Base */ = {isa = PBXFileReference; lastKnownFileType = file.storyboard; name = Base; path = Base.lproj/LaunchScreen.storyboard; sourceTree = "<group>"; };
		AC3F5B532987E586005510A5 /* Info.plist */ = {isa = PBXFileReference; lastKnownFileType = text.plist.xml; path = Info.plist; sourceTree = "<group>"; };
		AC95BE5E298C019800735503 /* ListViewController.swift */ = {isa = PBXFileReference; lastKnownFileType = sourcecode.swift; path = ListViewController.swift; sourceTree = "<group>"; };
/* End PBXFileReference section */

/* Begin PBXFrameworksBuildPhase section */
		AC3F5B3C2987E586005510A5 /* Frameworks */ = {
			isa = PBXFrameworksBuildPhase;
			buildActionMask = 2147483647;
			files = (
			);
			runOnlyForDeploymentPostprocessing = 0;
		};
/* End PBXFrameworksBuildPhase section */

/* Begin PBXGroup section */
		AC3F5B362987E586005510A5 = {
			isa = PBXGroup;
			children = (
				AC3F5B412987E586005510A5 /* P04-MapJournal */,
				AC3F5B402987E586005510A5 /* Products */,
			);
			sourceTree = "<group>";
		};
		AC3F5B402987E586005510A5 /* Products */ = {
			isa = PBXGroup;
			children = (
				AC3F5B3F2987E586005510A5 /* P04-MapJournal.app */,
			);
			name = Products;
			sourceTree = "<group>";
		};
		AC3F5B412987E586005510A5 /* P04-MapJournal */ = {
			isa = PBXGroup;
			children = (
				AC3F5B422987E586005510A5 /* AppDelegate.swift */,
				AC3F5B442987E586005510A5 /* SceneDelegate.swift */,
				AC3F5B462987E586005510A5 /* ViewController.swift */,
				AC3F5B482987E586005510A5 /* Main.storyboard */,
				AC3F5B4E2987E586005510A5 /* Assets.xcassets */,
				AC3F5B502987E586005510A5 /* LaunchScreen.storyboard */,
				AC3F5B532987E586005510A5 /* Info.plist */,
				AC3F5B4B2987E586005510A5 /* P04_MapJournal.xcdatamodeld */,
				AC95BE5E298C019800735503 /* ListViewController.swift */,
			);
			path = "P04-MapJournal";
			sourceTree = "<group>";
		};
/* End PBXGroup section */

/* Begin PBXNativeTarget section */
		AC3F5B3E2987E586005510A5 /* P04-MapJournal */ = {
			isa = PBXNativeTarget;
			buildConfigurationList = AC3F5B562987E586005510A5 /* Build configuration list for PBXNativeTarget "P04-MapJournal" */;
			buildPhases = (
				AC3F5B3B2987E586005510A5 /* Sources */,
				AC3F5B3C2987E586005510A5 /* Frameworks */,
				AC3F5B3D2987E586005510A5 /* Resources */,
			);
			buildRules = (
			);
			dependencies = (
			);
			name = "P04-MapJournal";
			productName = "P04-MapJournal";
			productReference = AC3F5B3F2987E586005510A5 /* P04-MapJournal.app */;
			productType = "com.apple.product-type.application";
		};
/* End PBXNativeTarget section */

/* Begin PBXProject section */
		AC3F5B372987E586005510A5 /* Project object */ = {
			isa = PBXProject;
			attributes = {
				BuildIndependentTargetsInParallel = 1;
				LastSwiftUpdateCheck = 1420;
				LastUpgradeCheck = 1420;
				TargetAttributes = {
					AC3F5B3E2987E586005510A5 = {
						CreatedOnToolsVersion = 14.2;
					};
				};
			};
			buildConfigurationList = AC3F5B3A2987E586005510A5 /* Build configuration list for PBXProject "P04-MapJournal" */;
			compatibilityVersion = "Xcode 14.0";
			developmentRegion = en;
			hasScannedForEncodings = 0;
			knownRegions = (
				en,
				Base,
			);
			mainGroup = AC3F5B362987E586005510A5;
			productRefGroup = AC3F5B402987E586005510A5 /* Products */;
			projectDirPath = "";
			projectRoot = "";
			targets = (
				AC3F5B3E2987E586005510A5 /* P04-MapJournal */,
			);
		};
/* End PBXProject section */

/* Begin PBXResourcesBuildPhase section */
		AC3F5B3D2987E586005510A5 /* Resources */ = {
			isa = PBXResourcesBuildPhase;
			buildActionMask = 2147483647;
			files = (
				AC3F5B522987E586005510A5 /* LaunchScreen.storyboard in Resources */,
				AC3F5B4F2987E586005510A5 /* Assets.xcassets in Resources */,
				AC3F5B4A2987E586005510A5 /* Main.storyboard in Resources */,
			);
			runOnlyForDeploymentPostprocessing = 0;
		};
/* End PBXResourcesBuildPhase section */

/* Begin PBXSourcesBuildPhase section */
		AC3F5B3B2987E586005510A5 /* Sources */ = {
			isa = PBXSourcesBuildPhase;
			buildActionMask = 2147483647;
			files = (
				AC3F5B472987E586005510A5 /* ViewController.swift in Sources */,
				AC3F5B432987E586005510A5 /* AppDelegate.swift in Sources */,
				AC3F5B452987E586005510A5 /* SceneDelegate.swift in Sources */,
				AC95BE5F298C019800735503 /* ListViewController.swift in Sources */,
				AC3F5B4D2987E586005510A5 /* P04_MapJournal.xcdatamodeld in Sources */,
			);
			runOnlyForDeploymentPostprocessing = 0;
		};
/* End PBXSourcesBuildPhase section */

/* Begin PBXVariantGroup section */
		AC3F5B482987E586005510A5 /* Main.storyboard */ = {
			isa = PBXVariantGroup;
			children = (
				AC3F5B492987E586005510A5 /* Base */,
			);
			name = Main.storyboard;
			sourceTree = "<group>";
		};
		AC3F5B502987E586005510A5 /* LaunchScreen.storyboard */ = {
			isa = PBXVariantGroup;
			children = (
				AC3F5B512987E586005510A5 /* Base */,
			);
			name = LaunchScreen.storyboard;
			sourceTree = "<group>";
		};
/* End PBXVariantGroup section */

/* Begin XCBuildConfiguration section */
		AC3F5B542987E586005510A5 /* Debug */ = {
			isa = XCBuildConfiguration;
			buildSettings = {
				ALWAYS_SEARCH_USER_PATHS = NO;
				CLANG_ANALYZER_NONNULL = YES;
				CLANG_ANALYZER_NUMBER_OBJECT_CONVERSION = YES_AGGRESSIVE;
				CLANG_CXX_LANGUAGE_STANDARD = "gnu++20";
				CLANG_ENABLE_MODULES = YES;
				CLANG_ENABLE_OBJC_ARC = YES;
				CLANG_ENABLE_OBJC_WEAK = YES;
				CLANG_WARN_BLOCK_CAPTURE_AUTORELEASING = YES;
				CLANG_WARN_BOOL_CONVERSION = YES;
				CLANG_WARN_COMMA = YES;
				CLANG_WARN_CONSTANT_CONVERSION = YES;
				CLANG_WARN_DEPRECATED_OBJC_IMPLEMENTATIONS = YES;
				CLANG_WARN_DIRECT_OBJC_ISA_USAGE = YES_ERROR;
				CLANG_WARN_DOCUMENTATION_COMMENTS = YES;
				CLANG_WARN_EMPTY_BODY = YES;
				CLANG_WARN_ENUM_CONVERSION = YES;
				CLANG_WARN_INFINITE_RECURSION = YES;
				CLANG_WARN_INT_CONVERSION = YES;
				CLANG_WARN_NON_LITERAL_NULL_CONVERSION = YES;
				CLANG_WARN_OBJC_IMPLICIT_RETAIN_SELF = YES;
				CLANG_WARN_OBJC_LITERAL_CONVERSION = YES;
				CLANG_WARN_OBJC_ROOT_CLASS = YES_ERROR;
				CLANG_WARN_QUOTED_INCLUDE_IN_FRAMEWORK_HEADER = YES;
				CLANG_WARN_RANGE_LOOP_ANALYSIS = YES;
				CLANG_WARN_STRICT_PROTOTYPES = YES;
				CLANG_WARN_SUSPICIOUS_MOVE = YES;
				CLANG_WARN_UNGUARDED_AVAILABILITY = YES_AGGRESSIVE;
				CLANG_WARN_UNREACHABLE_CODE = YES;
				CLANG_WARN__DUPLICATE_METHOD_MATCH = YES;
				COPY_PHASE_STRIP = NO;
				DEBUG_INFORMATION_FORMAT = dwarf;
				ENABLE_STRICT_OBJC_MSGSEND = YES;
				ENABLE_TESTABILITY = YES;
				GCC_C_LANGUAGE_STANDARD = gnu11;
				GCC_DYNAMIC_NO_PIC = NO;
				GCC_NO_COMMON_BLOCKS = YES;
				GCC_OPTIMIZATION_LEVEL = 0;
				GCC_PREPROCESSOR_DEFINITIONS = (
					"DEBUG=1",
					"$(inherited)",
				);
				GCC_WARN_64_TO_32_BIT_CONVERSION = YES;
				GCC_WARN_ABOUT_RETURN_TYPE = YES_ERROR;
				GCC_WARN_UNDECLARED_SELECTOR = YES;
				GCC_WARN_UNINITIALIZED_AUTOS = YES_AGGRESSIVE;
				GCC_WARN_UNUSED_FUNCTION = YES;
				GCC_WARN_UNUSED_VARIABLE = YES;
				IPHONEOS_DEPLOYMENT_TARGET = 16.2;
				MTL_ENABLE_DEBUG_INFO = INCLUDE_SOURCE;
				MTL_FAST_MATH = YES;
				ONLY_ACTIVE_ARCH = YES;
				SDKROOT = iphoneos;
				SWIFT_ACTIVE_COMPILATION_CONDITIONS = DEBUG;
				SWIFT_OPTIMIZATION_LEVEL = "-Onone";
			};
			name = Debug;
		};
		AC3F5B552987E586005510A5 /* Release */ = {
			isa = XCBuildConfiguration;
			buildSettings = {
				ALWAYS_SEARCH_USER_PATHS = NO;
				CLANG_ANALYZER_NONNULL = YES;
				CLANG_ANALYZER_NUMBER_OBJECT_CONVERSION = YES_AGGRESSIVE;
				CLANG_CXX_LANGUAGE_STANDARD = "gnu++20";
				CLANG_ENABLE_MODULES = YES;
				CLANG_ENABLE_OBJC_ARC = YES;
				CLANG_ENABLE_OBJC_WEAK = YES;
				CLANG_WARN_BLOCK_CAPTURE_AUTORELEASING = YES;
				CLANG_WARN_BOOL_CONVERSION = YES;
				CLANG_WARN_COMMA = YES;
				CLANG_WARN_CONSTANT_CONVERSION = YES;
				CLANG_WARN_DEPRECATED_OBJC_IMPLEMENTATIONS = YES;
				CLANG_WARN_DIRECT_OBJC_ISA_USAGE = YES_ERROR;
				CLANG_WARN_DOCUMENTATION_COMMENTS = YES;
				CLANG_WARN_EMPTY_BODY = YES;
				CLANG_WARN_ENUM_CONVERSION = YES;
				CLANG_WARN_INFINITE_RECURSION = YES;
				CLANG_WARN_INT_CONVERSION = YES;
				CLANG_WARN_NON_LITERAL_NULL_CONVERSION = YES;
				CLANG_WARN_OBJC_IMPLICIT_RETAIN_SELF = YES;
				CLANG_WARN_OBJC_LITERAL_CONVERSION = YES;
				CLANG_WARN_OBJC_ROOT_CLASS = YES_ERROR;
				CLANG_WARN_QUOTED_INCLUDE_IN_FRAMEWORK_HEADER = YES;
				CLANG_WARN_RANGE_LOOP_ANALYSIS = YES;
				CLANG_WARN_STRICT_PROTOTYPES = YES;
				CLANG_WARN_SUSPICIOUS_MOVE = YES;
				CLANG_WARN_UNGUARDED_AVAILABILITY = YES_AGGRESSIVE;
				CLANG_WARN_UNREACHABLE_CODE = YES;
				CLANG_WARN__DUPLICATE_METHOD_MATCH = YES;
				COPY_PHASE_STRIP = NO;
				DEBUG_INFORMATION_FORMAT = "dwarf-with-dsym";
				ENABLE_NS_ASSERTIONS = NO;
				ENABLE_STRICT_OBJC_MSGSEND = YES;
				GCC_C_LANGUAGE_STANDARD = gnu11;
				GCC_NO_COMMON_BLOCKS = YES;
				GCC_WARN_64_TO_32_BIT_CONVERSION = YES;
				GCC_WARN_ABOUT_RETURN_TYPE = YES_ERROR;
				GCC_WARN_UNDECLARED_SELECTOR = YES;
				GCC_WARN_UNINITIALIZED_AUTOS = YES_AGGRESSIVE;
				GCC_WARN_UNUSED_FUNCTION = YES;
				GCC_WARN_UNUSED_VARIABLE = YES;
				IPHONEOS_DEPLOYMENT_TARGET = 16.2;
				MTL_ENABLE_DEBUG_INFO = NO;
				MTL_FAST_MATH = YES;
				SDKROOT = iphoneos;
				SWIFT_COMPILATION_MODE = wholemodule;
				SWIFT_OPTIMIZATION_LEVEL = "-O";
				VALIDATE_PRODUCT = YES;
			};
			name = Release;
		};
		AC3F5B572987E586005510A5 /* Debug */ = {
			isa = XCBuildConfiguration;
			buildSettings = {
				ASSETCATALOG_COMPILER_APPICON_NAME = AppIcon;
				ASSETCATALOG_COMPILER_GLOBAL_ACCENT_COLOR_NAME = AccentColor;
				CODE_SIGN_STYLE = Automatic;
				CURRENT_PROJECT_VERSION = 1;
				DEVELOPMENT_TEAM = V92W5X939L;
				GENERATE_INFOPLIST_FILE = YES;
				INFOPLIST_FILE = "P04-MapJournal/Info.plist";
				INFOPLIST_KEY_UIApplicationSupportsIndirectInputEvents = YES;
				INFOPLIST_KEY_UILaunchStoryboardName = LaunchScreen;
				INFOPLIST_KEY_UIMainStoryboardFile = Main;
				INFOPLIST_KEY_UISupportedInterfaceOrientations_iPad = "UIInterfaceOrientationPortrait UIInterfaceOrientationPortraitUpsideDown UIInterfaceOrientationLandscapeLeft UIInterfaceOrientationLandscapeRight";
				INFOPLIST_KEY_UISupportedInterfaceOrientations_iPhone = "UIInterfaceOrientationPortrait UIInterfaceOrientationLandscapeLeft UIInterfaceOrientationLandscapeRight";
				LD_RUNPATH_SEARCH_PATHS = (
					"$(inherited)",
					"@executable_path/Frameworks",
				);
				MARKETING_VERSION = 1.0;
				PRODUCT_BUNDLE_IDENTIFIER = "com.furkanbingol.P04-MapJournal";
				PRODUCT_NAME = "$(TARGET_NAME)";
				SWIFT_EMIT_LOC_STRINGS = YES;
				SWIFT_VERSION = 5.0;
				TARGETED_DEVICE_FAMILY = "1,2";
			};
			name = Debug;
		};
		AC3F5B582987E586005510A5 /* Release */ = {
			isa = XCBuildConfiguration;
			buildSettings = {
				ASSETCATALOG_COMPILER_APPICON_NAME = AppIcon;
				ASSETCATALOG_COMPILER_GLOBAL_ACCENT_COLOR_NAME = AccentColor;
				CODE_SIGN_STYLE = Automatic;
				CURRENT_PROJECT_VERSION = 1;
				DEVELOPMENT_TEAM = V92W5X939L;
				GENERATE_INFOPLIST_FILE = YES;
				INFOPLIST_FILE = "P04-MapJournal/Info.plist";
				INFOPLIST_KEY_UIApplicationSupportsIndirectInputEvents = YES;
				INFOPLIST_KEY_UILaunchStoryboardName = LaunchScreen;
				INFOPLIST_KEY_UIMainStoryboardFile = Main;
				INFOPLIST_KEY_UISupportedInterfaceOrientations_iPad = "UIInterfaceOrientationPortrait UIInterfaceOrientationPortraitUpsideDown UIInterfaceOrientationLandscapeLeft UIInterfaceOrientationLandscapeRight";
				INFOPLIST_KEY_UISupportedInterfaceOrientations_iPhone = "UIInterfaceOrientationPortrait UIInterfaceOrientationLandscapeLeft UIInterfaceOrientationLandscapeRight";
				LD_RUNPATH_SEARCH_PATHS = (
					"$(inherited)",
					"@executable_path/Frameworks",
				);
				MARKETING_VERSION = 1.0;
				PRODUCT_BUNDLE_IDENTIFIER = "com.furkanbingol.P04-MapJournal";
				PRODUCT_NAME = "$(TARGET_NAME)";
				SWIFT_EMIT_LOC_STRINGS = YES;
				SWIFT_VERSION = 5.0;
				TARGETED_DEVICE_FAMILY = "1,2";
			};
			name = Release;
		};
/* End XCBuildConfiguration section */

/* Begin XCConfigurationList section */
		AC3F5B3A2987E586005510A5 /* Build configuration list for PBXProject "P04-MapJournal" */ = {
			isa = XCConfigurationList;
			buildConfigurations = (
				AC3F5B542987E586005510A5 /* Debug */,
				AC3F5B552987E586005510A5 /* Release */,
			);
			defaultConfigurationIsVisible = 0;
			defaultConfigurationName = Release;
		};
		AC3F5B562987E586005510A5 /* Build configuration list for PBXNativeTarget "P04-MapJournal" */ = {
			isa = XCConfigurationList;
			buildConfigurations = (
				AC3F5B572987E586005510A5 /* Debug */,
				AC3F5B582987E586005510A5 /* Release */,
			);
			defaultConfigurationIsVisible = 0;
			defaultConfigurationName = Release;
		};
/* End XCConfigurationList section */

/* Begin XCVersionGroup section */
		AC3F5B4B2987E586005510A5 /* P04_MapJournal.xcdatamodeld */ = {
			isa = XCVersionGroup;
			children = (
				AC3F5B4C2987E586005510A5 /* P04_MapJournal.xcdatamodel */,
			);
			currentVersion = AC3F5B4C2987E586005510A5 /* P04_MapJournal.xcdatamodel */;
			path = P04_MapJournal.xcdatamodeld;
			sourceTree = "<group>";
			versionGroupType = wrapper.xcdatamodel;
		};
/* End XCVersionGroup section */
	};
	rootObject = AC3F5B372987E586005510A5 /* Project object */;
}
