// !$*UTF8*$!
{
	archiveVersion = 1;
	classes = {
	};
	objectVersion = 56;
	objects = {

/* Begin PBXBuildFile section */
		AC590DBB29A0E41800E166E7 /* AppDelegate.swift in Sources */ = {isa = PBXBuildFile; fileRef = AC590DBA29A0E41800E166E7 /* AppDelegate.swift */; };
		AC590DBD29A0E41800E166E7 /* SceneDelegate.swift in Sources */ = {isa = PBXBuildFile; fileRef = AC590DBC29A0E41800E166E7 /* SceneDelegate.swift */; };
		AC590DC229A0E41800E166E7 /* Main.storyboard in Resources */ = {isa = PBXBuildFile; fileRef = AC590DC029A0E41800E166E7 /* Main.storyboard */; };
		AC590DC429A0E41800E166E7 /* Assets.xcassets in Resources */ = {isa = PBXBuildFile; fileRef = AC590DC329A0E41800E166E7 /* Assets.xcassets */; };
		AC590DC729A0E41800E166E7 /* LaunchScreen.storyboard in Resources */ = {isa = PBXBuildFile; fileRef = AC590DC529A0E41800E166E7 /* LaunchScreen.storyboard */; };
		AC590DCF29A0E54B00E166E7 /* Emoji.swift in Sources */ = {isa = PBXBuildFile; fileRef = AC590DCE29A0E54B00E166E7 /* Emoji.swift */; };
		AC590DD129A0E79E00E166E7 /* EmojiTableViewController.swift in Sources */ = {isa = PBXBuildFile; fileRef = AC590DD029A0E79E00E166E7 /* EmojiTableViewController.swift */; };
		ACDABE2029A13187003BDAB6 /* EmojiTableViewCell.swift in Sources */ = {isa = PBXBuildFile; fileRef = ACDABE1F29A13187003BDAB6 /* EmojiTableViewCell.swift */; };
		ACDABE2229A16A6A003BDAB6 /* NewEmojiTableViewController.swift in Sources */ = {isa = PBXBuildFile; fileRef = ACDABE2129A16A6A003BDAB6 /* NewEmojiTableViewController.swift */; };
/* End PBXBuildFile section */

/* Begin PBXFileReference section */
		AC590DB729A0E41800E166E7 /* UITableView.app */ = {isa = PBXFileReference; explicitFileType = wrapper.application; includeInIndex = 0; path = UITableView.app; sourceTree = BUILT_PRODUCTS_DIR; };
		AC590DBA29A0E41800E166E7 /* AppDelegate.swift */ = {isa = PBXFileReference; lastKnownFileType = sourcecode.swift; path = AppDelegate.swift; sourceTree = "<group>"; };
		AC590DBC29A0E41800E166E7 /* SceneDelegate.swift */ = {isa = PBXFileReference; lastKnownFileType = sourcecode.swift; path = SceneDelegate.swift; sourceTree = "<group>"; };
		AC590DC129A0E41800E166E7 /* Base */ = {isa = PBXFileReference; lastKnownFileType = file.storyboard; name = Base; path = Base.lproj/Main.storyboard; sourceTree = "<group>"; };
		AC590DC329A0E41800E166E7 /* Assets.xcassets */ = {isa = PBXFileReference; lastKnownFileType = folder.assetcatalog; path = Assets.xcassets; sourceTree = "<group>"; };
		AC590DC629A0E41800E166E7 /* Base */ = {isa = PBXFileReference; lastKnownFileType = file.storyboard; name = Base; path = Base.lproj/LaunchScreen.storyboard; sourceTree = "<group>"; };
		AC590DC829A0E41800E166E7 /* Info.plist */ = {isa = PBXFileReference; lastKnownFileType = text.plist.xml; path = Info.plist; sourceTree = "<group>"; };
		AC590DCE29A0E54B00E166E7 /* Emoji.swift */ = {isa = PBXFileReference; lastKnownFileType = sourcecode.swift; path = Emoji.swift; sourceTree = "<group>"; };
		AC590DD029A0E79E00E166E7 /* EmojiTableViewController.swift */ = {isa = PBXFileReference; lastKnownFileType = sourcecode.swift; path = EmojiTableViewController.swift; sourceTree = "<group>"; };
		ACDABE1F29A13187003BDAB6 /* EmojiTableViewCell.swift */ = {isa = PBXFileReference; lastKnownFileType = sourcecode.swift; path = EmojiTableViewCell.swift; sourceTree = "<group>"; };
		ACDABE2129A16A6A003BDAB6 /* NewEmojiTableViewController.swift */ = {isa = PBXFileReference; lastKnownFileType = sourcecode.swift; path = NewEmojiTableViewController.swift; sourceTree = "<group>"; };
/* End PBXFileReference section */

/* Begin PBXFrameworksBuildPhase section */
		AC590DB429A0E41800E166E7 /* Frameworks */ = {
			isa = PBXFrameworksBuildPhase;
			buildActionMask = 2147483647;
			files = (
			);
			runOnlyForDeploymentPostprocessing = 0;
		};
/* End PBXFrameworksBuildPhase section */

/* Begin PBXGroup section */
		AC590DAE29A0E41800E166E7 = {
			isa = PBXGroup;
			children = (
				AC590DB929A0E41800E166E7 /* UITableView */,
				AC590DB829A0E41800E166E7 /* Products */,
			);
			sourceTree = "<group>";
		};
		AC590DB829A0E41800E166E7 /* Products */ = {
			isa = PBXGroup;
			children = (
				AC590DB729A0E41800E166E7 /* UITableView.app */,
			);
			name = Products;
			sourceTree = "<group>";
		};
		AC590DB929A0E41800E166E7 /* UITableView */ = {
			isa = PBXGroup;
			children = (
				AC590DBA29A0E41800E166E7 /* AppDelegate.swift */,
				AC590DBC29A0E41800E166E7 /* SceneDelegate.swift */,
				AC590DCE29A0E54B00E166E7 /* Emoji.swift */,
				AC590DD029A0E79E00E166E7 /* EmojiTableViewController.swift */,
				ACDABE1F29A13187003BDAB6 /* EmojiTableViewCell.swift */,
				ACDABE2129A16A6A003BDAB6 /* NewEmojiTableViewController.swift */,
				AC590DC029A0E41800E166E7 /* Main.storyboard */,
				AC590DC329A0E41800E166E7 /* Assets.xcassets */,
				AC590DC529A0E41800E166E7 /* LaunchScreen.storyboard */,
				AC590DC829A0E41800E166E7 /* Info.plist */,
			);
			path = UITableView;
			sourceTree = "<group>";
		};
/* End PBXGroup section */

/* Begin PBXNativeTarget section */
		AC590DB629A0E41800E166E7 /* UITableView */ = {
			isa = PBXNativeTarget;
			buildConfigurationList = AC590DCB29A0E41800E166E7 /* Build configuration list for PBXNativeTarget "UITableView" */;
			buildPhases = (
				AC590DB329A0E41800E166E7 /* Sources */,
				AC590DB429A0E41800E166E7 /* Frameworks */,
				AC590DB529A0E41800E166E7 /* Resources */,
			);
			buildRules = (
			);
			dependencies = (
			);
			name = UITableView;
			productName = UITableView;
			productReference = AC590DB729A0E41800E166E7 /* UITableView.app */;
			productType = "com.apple.product-type.application";
		};
/* End PBXNativeTarget section */

/* Begin PBXProject section */
		AC590DAF29A0E41800E166E7 /* Project object */ = {
			isa = PBXProject;
			attributes = {
				BuildIndependentTargetsInParallel = 1;
				LastSwiftUpdateCheck = 1420;
				LastUpgradeCheck = 1420;
				TargetAttributes = {
					AC590DB629A0E41800E166E7 = {
						CreatedOnToolsVersion = 14.2;
					};
				};
			};
			buildConfigurationList = AC590DB229A0E41800E166E7 /* Build configuration list for PBXProject "UITableView" */;
			compatibilityVersion = "Xcode 14.0";
			developmentRegion = en;
			hasScannedForEncodings = 0;
			knownRegions = (
				en,
				Base,
			);
			mainGroup = AC590DAE29A0E41800E166E7;
			productRefGroup = AC590DB829A0E41800E166E7 /* Products */;
			projectDirPath = "";
			projectRoot = "";
			targets = (
				AC590DB629A0E41800E166E7 /* UITableView */,
			);
		};
/* End PBXProject section */

/* Begin PBXResourcesBuildPhase section */
		AC590DB529A0E41800E166E7 /* Resources */ = {
			isa = PBXResourcesBuildPhase;
			buildActionMask = 2147483647;
			files = (
				AC590DC729A0E41800E166E7 /* LaunchScreen.storyboard in Resources */,
				AC590DC429A0E41800E166E7 /* Assets.xcassets in Resources */,
				AC590DC229A0E41800E166E7 /* Main.storyboard in Resources */,
			);
			runOnlyForDeploymentPostprocessing = 0;
		};
/* End PBXResourcesBuildPhase section */

/* Begin PBXSourcesBuildPhase section */
		AC590DB329A0E41800E166E7 /* Sources */ = {
			isa = PBXSourcesBuildPhase;
			buildActionMask = 2147483647;
			files = (
				AC590DD129A0E79E00E166E7 /* EmojiTableViewController.swift in Sources */,
				ACDABE2229A16A6A003BDAB6 /* NewEmojiTableViewController.swift in Sources */,
				AC590DBB29A0E41800E166E7 /* AppDelegate.swift in Sources */,
				ACDABE2029A13187003BDAB6 /* EmojiTableViewCell.swift in Sources */,
				AC590DCF29A0E54B00E166E7 /* Emoji.swift in Sources */,
				AC590DBD29A0E41800E166E7 /* SceneDelegate.swift in Sources */,
			);
			runOnlyForDeploymentPostprocessing = 0;
		};
/* End PBXSourcesBuildPhase section */

/* Begin PBXVariantGroup section */
		AC590DC029A0E41800E166E7 /* Main.storyboard */ = {
			isa = PBXVariantGroup;
			children = (
				AC590DC129A0E41800E166E7 /* Base */,
			);
			name = Main.storyboard;
			sourceTree = "<group>";
		};
		AC590DC529A0E41800E166E7 /* LaunchScreen.storyboard */ = {
			isa = PBXVariantGroup;
			children = (
				AC590DC629A0E41800E166E7 /* Base */,
			);
			name = LaunchScreen.storyboard;
			sourceTree = "<group>";
		};
/* End PBXVariantGroup section */

/* Begin XCBuildConfiguration section */
		AC590DC929A0E41800E166E7 /* Debug */ = {
			isa = XCBuildConfiguration;
			buildSettings = {
				ALWAYS_SEARCH_USER_PATHS = NO;
				CLANG_ANALYZER_NONNULL = YES;
				CLANG_ANALYZER_NUMBER_OBJECT_CONVERSION = YES_AGGRESSIVE;
				CLANG_CXX_LANGUAGE_STANDARD = "gnu++20";
				CLANG_ENABLE_MODULES = YES;
				CLANG_ENABLE_OBJC_ARC = YES;
				CLANG_ENABLE_OBJC_WEAK = YES;
				CLANG_WARN_BLOCK_CAPTURE_AUTORELEASING = YES;
				CLANG_WARN_BOOL_CONVERSION = YES;
				CLANG_WARN_COMMA = YES;
				CLANG_WARN_CONSTANT_CONVERSION = YES;
				CLANG_WARN_DEPRECATED_OBJC_IMPLEMENTATIONS = YES;
				CLANG_WARN_DIRECT_OBJC_ISA_USAGE = YES_ERROR;
				CLANG_WARN_DOCUMENTATION_COMMENTS = YES;
				CLANG_WARN_EMPTY_BODY = YES;
				CLANG_WARN_ENUM_CONVERSION = YES;
				CLANG_WARN_INFINITE_RECURSION = YES;
				CLANG_WARN_INT_CONVERSION = YES;
				CLANG_WARN_NON_LITERAL_NULL_CONVERSION = YES;
				CLANG_WARN_OBJC_IMPLICIT_RETAIN_SELF = YES;
				CLANG_WARN_OBJC_LITERAL_CONVERSION = YES;
				CLANG_WARN_OBJC_ROOT_CLASS = YES_ERROR;
				CLANG_WARN_QUOTED_INCLUDE_IN_FRAMEWORK_HEADER = YES;
				CLANG_WARN_RANGE_LOOP_ANALYSIS = YES;
				CLANG_WARN_STRICT_PROTOTYPES = YES;
				CLANG_WARN_SUSPICIOUS_MOVE = YES;
				CLANG_WARN_UNGUARDED_AVAILABILITY = YES_AGGRESSIVE;
				CLANG_WARN_UNREACHABLE_CODE = YES;
				CLANG_WARN__DUPLICATE_METHOD_MATCH = YES;
				COPY_PHASE_STRIP = NO;
				DEBUG_INFORMATION_FORMAT = dwarf;
				ENABLE_STRICT_OBJC_MSGSEND = YES;
				ENABLE_TESTABILITY = YES;
				GCC_C_LANGUAGE_STANDARD = gnu11;
				GCC_DYNAMIC_NO_PIC = NO;
				GCC_NO_COMMON_BLOCKS = YES;
				GCC_OPTIMIZATION_LEVEL = 0;
				GCC_PREPROCESSOR_DEFINITIONS = (
					"DEBUG=1",
					"$(inherited)",
				);
				GCC_WARN_64_TO_32_BIT_CONVERSION = YES;
				GCC_WARN_ABOUT_RETURN_TYPE = YES_ERROR;
				GCC_WARN_UNDECLARED_SELECTOR = YES;
				GCC_WARN_UNINITIALIZED_AUTOS = YES_AGGRESSIVE;
				GCC_WARN_UNUSED_FUNCTION = YES;
				GCC_WARN_UNUSED_VARIABLE = YES;
				IPHONEOS_DEPLOYMENT_TARGET = 16.2;
				MTL_ENABLE_DEBUG_INFO = INCLUDE_SOURCE;
				MTL_FAST_MATH = YES;
				ONLY_ACTIVE_ARCH = YES;
				SDKROOT = iphoneos;
				SWIFT_ACTIVE_COMPILATION_CONDITIONS = DEBUG;
				SWIFT_OPTIMIZATION_LEVEL = "-Onone";
			};
			name = Debug;
		};
		AC590DCA29A0E41800E166E7 /* Release */ = {
			isa = XCBuildConfiguration;
			buildSettings = {
				ALWAYS_SEARCH_USER_PATHS = NO;
				CLANG_ANALYZER_NONNULL = YES;
				CLANG_ANALYZER_NUMBER_OBJECT_CONVERSION = YES_AGGRESSIVE;
				CLANG_CXX_LANGUAGE_STANDARD = "gnu++20";
				CLANG_ENABLE_MODULES = YES;
				CLANG_ENABLE_OBJC_ARC = YES;
				CLANG_ENABLE_OBJC_WEAK = YES;
				CLANG_WARN_BLOCK_CAPTURE_AUTORELEASING = YES;
				CLANG_WARN_BOOL_CONVERSION = YES;
				CLANG_WARN_COMMA = YES;
				CLANG_WARN_CONSTANT_CONVERSION = YES;
				CLANG_WARN_DEPRECATED_OBJC_IMPLEMENTATIONS = YES;
				CLANG_WARN_DIRECT_OBJC_ISA_USAGE = YES_ERROR;
				CLANG_WARN_DOCUMENTATION_COMMENTS = YES;
				CLANG_WARN_EMPTY_BODY = YES;
				CLANG_WARN_ENUM_CONVERSION = YES;
				CLANG_WARN_INFINITE_RECURSION = YES;
				CLANG_WARN_INT_CONVERSION = YES;
				CLANG_WARN_NON_LITERAL_NULL_CONVERSION = YES;
				CLANG_WARN_OBJC_IMPLICIT_RETAIN_SELF = YES;
				CLANG_WARN_OBJC_LITERAL_CONVERSION = YES;
				CLANG_WARN_OBJC_ROOT_CLASS = YES_ERROR;
				CLANG_WARN_QUOTED_INCLUDE_IN_FRAMEWORK_HEADER = YES;
				CLANG_WARN_RANGE_LOOP_ANALYSIS = YES;
				CLANG_WARN_STRICT_PROTOTYPES = YES;
				CLANG_WARN_SUSPICIOUS_MOVE = YES;
				CLANG_WARN_UNGUARDED_AVAILABILITY = YES_AGGRESSIVE;
				CLANG_WARN_UNREACHABLE_CODE = YES;
				CLANG_WARN__DUPLICATE_METHOD_MATCH = YES;
				COPY_PHASE_STRIP = NO;
				DEBUG_INFORMATION_FORMAT = "dwarf-with-dsym";
				ENABLE_NS_ASSERTIONS = NO;
				ENABLE_STRICT_OBJC_MSGSEND = YES;
				GCC_C_LANGUAGE_STANDARD = gnu11;
				GCC_NO_COMMON_BLOCKS = YES;
				GCC_WARN_64_TO_32_BIT_CONVERSION = YES;
				GCC_WARN_ABOUT_RETURN_TYPE = YES_ERROR;
				GCC_WARN_UNDECLARED_SELECTOR = YES;
				GCC_WARN_UNINITIALIZED_AUTOS = YES_AGGRESSIVE;
				GCC_WARN_UNUSED_FUNCTION = YES;
				GCC_WARN_UNUSED_VARIABLE = YES;
				IPHONEOS_DEPLOYMENT_TARGET = 16.2;
				MTL_ENABLE_DEBUG_INFO = NO;
				MTL_FAST_MATH = YES;
				SDKROOT = iphoneos;
				SWIFT_COMPILATION_MODE = wholemodule;
				SWIFT_OPTIMIZATION_LEVEL = "-O";
				VALIDATE_PRODUCT = YES;
			};
			name = Release;
		};
		AC590DCC29A0E41800E166E7 /* Debug */ = {
			isa = XCBuildConfiguration;
			buildSettings = {
				ASSETCATALOG_COMPILER_APPICON_NAME = AppIcon;
				ASSETCATALOG_COMPILER_GLOBAL_ACCENT_COLOR_NAME = AccentColor;
				CODE_SIGN_STYLE = Automatic;
				CURRENT_PROJECT_VERSION = 1;
				DEVELOPMENT_TEAM = V92W5X939L;
				GENERATE_INFOPLIST_FILE = YES;
				INFOPLIST_FILE = UITableView/Info.plist;
				INFOPLIST_KEY_UIApplicationSupportsIndirectInputEvents = YES;
				INFOPLIST_KEY_UILaunchStoryboardName = LaunchScreen;
				INFOPLIST_KEY_UIMainStoryboardFile = Main;
				INFOPLIST_KEY_UISupportedInterfaceOrientations_iPad = "UIInterfaceOrientationPortrait UIInterfaceOrientationPortraitUpsideDown UIInterfaceOrientationLandscapeLeft UIInterfaceOrientationLandscapeRight";
				INFOPLIST_KEY_UISupportedInterfaceOrientations_iPhone = "UIInterfaceOrientationPortrait UIInterfaceOrientationLandscapeLeft UIInterfaceOrientationLandscapeRight";
				LD_RUNPATH_SEARCH_PATHS = (
					"$(inherited)",
					"@executable_path/Frameworks",
				);
				MARKETING_VERSION = 1.0;
				PRODUCT_BUNDLE_IDENTIFIER = com.furkanbingol.UITableView;
				PRODUCT_NAME = "$(TARGET_NAME)";
				SWIFT_EMIT_LOC_STRINGS = YES;
				SWIFT_VERSION = 5.0;
				TARGETED_DEVICE_FAMILY = "1,2";
			};
			name = Debug;
		};
		AC590DCD29A0E41800E166E7 /* Release */ = {
			isa = XCBuildConfiguration;
			buildSettings = {
				ASSETCATALOG_COMPILER_APPICON_NAME = AppIcon;
				ASSETCATALOG_COMPILER_GLOBAL_ACCENT_COLOR_NAME = AccentColor;
				CODE_SIGN_STYLE = Automatic;
				CURRENT_PROJECT_VERSION = 1;
				DEVELOPMENT_TEAM = V92W5X939L;
				GENERATE_INFOPLIST_FILE = YES;
				INFOPLIST_FILE = UITableView/Info.plist;
				INFOPLIST_KEY_UIApplicationSupportsIndirectInputEvents = YES;
				INFOPLIST_KEY_UILaunchStoryboardName = LaunchScreen;
				INFOPLIST_KEY_UIMainStoryboardFile = Main;
				INFOPLIST_KEY_UISupportedInterfaceOrientations_iPad = "UIInterfaceOrientationPortrait UIInterfaceOrientationPortraitUpsideDown UIInterfaceOrientationLandscapeLeft UIInterfaceOrientationLandscapeRight";
				INFOPLIST_KEY_UISupportedInterfaceOrientations_iPhone = "UIInterfaceOrientationPortrait UIInterfaceOrientationLandscapeLeft UIInterfaceOrientationLandscapeRight";
				LD_RUNPATH_SEARCH_PATHS = (
					"$(inherited)",
					"@executable_path/Frameworks",
				);
				MARKETING_VERSION = 1.0;
				PRODUCT_BUNDLE_IDENTIFIER = com.furkanbingol.UITableView;
				PRODUCT_NAME = "$(TARGET_NAME)";
				SWIFT_EMIT_LOC_STRINGS = YES;
				SWIFT_VERSION = 5.0;
				TARGETED_DEVICE_FAMILY = "1,2";
			};
			name = Release;
		};
/* End XCBuildConfiguration section */

/* Begin XCConfigurationList section */
		AC590DB229A0E41800E166E7 /* Build configuration list for PBXProject "UITableView" */ = {
			isa = XCConfigurationList;
			buildConfigurations = (
				AC590DC929A0E41800E166E7 /* Debug */,
				AC590DCA29A0E41800E166E7 /* Release */,
			);
			defaultConfigurationIsVisible = 0;
			defaultConfigurationName = Release;
		};
		AC590DCB29A0E41800E166E7 /* Build configuration list for PBXNativeTarget "UITableView" */ = {
			isa = XCConfigurationList;
			buildConfigurations = (
				AC590DCC29A0E41800E166E7 /* Debug */,
				AC590DCD29A0E41800E166E7 /* Release */,
			);
			defaultConfigurationIsVisible = 0;
			defaultConfigurationName = Release;
		};
/* End XCConfigurationList section */
	};
	rootObject = AC590DAF29A0E41800E166E7 /* Project object */;
}
