// !$*UTF8*$!
{
	archiveVersion = 1;
	classes = {
	};
	objectVersion = 56;
	objects = {

/* Begin PBXBuildFile section */
		ACC4720C2A62D1CD00D175DE /* AppDelegate.swift in Sources */ = {isa = PBXBuildFile; fileRef = ACC4720B2A62D1CD00D175DE /* AppDelegate.swift */; };
		ACC4720E2A62D1CD00D175DE /* SceneDelegate.swift in Sources */ = {isa = PBXBuildFile; fileRef = ACC4720D2A62D1CD00D175DE /* SceneDelegate.swift */; };
		ACC472102A62D1CD00D175DE /* ViewController.swift in Sources */ = {isa = PBXBuildFile; fileRef = ACC4720F2A62D1CD00D175DE /* ViewController.swift */; };
		ACC472132A62D1CD00D175DE /* Main.storyboard in Resources */ = {isa = PBXBuildFile; fileRef = ACC472112A62D1CD00D175DE /* Main.storyboard */; };
		ACC472152A62D1CE00D175DE /* Assets.xcassets in Resources */ = {isa = PBXBuildFile; fileRef = ACC472142A62D1CE00D175DE /* Assets.xcassets */; };
		ACC472182A62D1CE00D175DE /* LaunchScreen.storyboard in Resources */ = {isa = PBXBuildFile; fileRef = ACC472162A62D1CE00D175DE /* LaunchScreen.storyboard */; };
		ACC472202A62D44100D175DE /* Instructor.swift in Sources */ = {isa = PBXBuildFile; fileRef = ACC4721F2A62D44100D175DE /* Instructor.swift */; };
		ACC472222A62E77300D175DE /* WeakInstructor.swift in Sources */ = {isa = PBXBuildFile; fileRef = ACC472212A62E77300D175DE /* WeakInstructor.swift */; };
		ACC472242A62EAB700D175DE /* WeakSelfExample.swift in Sources */ = {isa = PBXBuildFile; fileRef = ACC472232A62EAB700D175DE /* WeakSelfExample.swift */; };
/* End PBXBuildFile section */

/* Begin PBXFileReference section */
		ACC472082A62D1CD00D175DE /* RetainCycle&ARC-II.app */ = {isa = PBXFileReference; explicitFileType = wrapper.application; includeInIndex = 0; path = "RetainCycle&ARC-II.app"; sourceTree = BUILT_PRODUCTS_DIR; };
		ACC4720B2A62D1CD00D175DE /* AppDelegate.swift */ = {isa = PBXFileReference; lastKnownFileType = sourcecode.swift; path = AppDelegate.swift; sourceTree = "<group>"; };
		ACC4720D2A62D1CD00D175DE /* SceneDelegate.swift */ = {isa = PBXFileReference; lastKnownFileType = sourcecode.swift; path = SceneDelegate.swift; sourceTree = "<group>"; };
		ACC4720F2A62D1CD00D175DE /* ViewController.swift */ = {isa = PBXFileReference; lastKnownFileType = sourcecode.swift; path = ViewController.swift; sourceTree = "<group>"; };
		ACC472122A62D1CD00D175DE /* Base */ = {isa = PBXFileReference; lastKnownFileType = file.storyboard; name = Base; path = Base.lproj/Main.storyboard; sourceTree = "<group>"; };
		ACC472142A62D1CE00D175DE /* Assets.xcassets */ = {isa = PBXFileReference; lastKnownFileType = folder.assetcatalog; path = Assets.xcassets; sourceTree = "<group>"; };
		ACC472172A62D1CE00D175DE /* Base */ = {isa = PBXFileReference; lastKnownFileType = file.storyboard; name = Base; path = Base.lproj/LaunchScreen.storyboard; sourceTree = "<group>"; };
		ACC472192A62D1CE00D175DE /* Info.plist */ = {isa = PBXFileReference; lastKnownFileType = text.plist.xml; path = Info.plist; sourceTree = "<group>"; };
		ACC4721F2A62D44100D175DE /* Instructor.swift */ = {isa = PBXFileReference; lastKnownFileType = sourcecode.swift; path = Instructor.swift; sourceTree = "<group>"; };
		ACC472212A62E77300D175DE /* WeakInstructor.swift */ = {isa = PBXFileReference; lastKnownFileType = sourcecode.swift; path = WeakInstructor.swift; sourceTree = "<group>"; };
		ACC472232A62EAB700D175DE /* WeakSelfExample.swift */ = {isa = PBXFileReference; lastKnownFileType = sourcecode.swift; path = WeakSelfExample.swift; sourceTree = "<group>"; };
/* End PBXFileReference section */

/* Begin PBXFrameworksBuildPhase section */
		ACC472052A62D1CD00D175DE /* Frameworks */ = {
			isa = PBXFrameworksBuildPhase;
			buildActionMask = 2147483647;
			files = (
			);
			runOnlyForDeploymentPostprocessing = 0;
		};
/* End PBXFrameworksBuildPhase section */

/* Begin PBXGroup section */
		ACC471FF2A62D1CD00D175DE = {
			isa = PBXGroup;
			children = (
				ACC4720A2A62D1CD00D175DE /* RetainCycle&ARC-II */,
				ACC472092A62D1CD00D175DE /* Products */,
			);
			sourceTree = "<group>";
		};
		ACC472092A62D1CD00D175DE /* Products */ = {
			isa = PBXGroup;
			children = (
				ACC472082A62D1CD00D175DE /* RetainCycle&ARC-II.app */,
			);
			name = Products;
			sourceTree = "<group>";
		};
		ACC4720A2A62D1CD00D175DE /* RetainCycle&ARC-II */ = {
			isa = PBXGroup;
			children = (
				ACC4720B2A62D1CD00D175DE /* AppDelegate.swift */,
				ACC4720D2A62D1CD00D175DE /* SceneDelegate.swift */,
				ACC4720F2A62D1CD00D175DE /* ViewController.swift */,
				ACC4721F2A62D44100D175DE /* Instructor.swift */,
				ACC472212A62E77300D175DE /* WeakInstructor.swift */,
				ACC472232A62EAB700D175DE /* WeakSelfExample.swift */,
				ACC472112A62D1CD00D175DE /* Main.storyboard */,
				ACC472142A62D1CE00D175DE /* Assets.xcassets */,
				ACC472162A62D1CE00D175DE /* LaunchScreen.storyboard */,
				ACC472192A62D1CE00D175DE /* Info.plist */,
			);
			path = "RetainCycle&ARC-II";
			sourceTree = "<group>";
		};
/* End PBXGroup section */

/* Begin PBXNativeTarget section */
		ACC472072A62D1CD00D175DE /* RetainCycle&ARC-II */ = {
			isa = PBXNativeTarget;
			buildConfigurationList = ACC4721C2A62D1CE00D175DE /* Build configuration list for PBXNativeTarget "RetainCycle&ARC-II" */;
			buildPhases = (
				ACC472042A62D1CD00D175DE /* Sources */,
				ACC472052A62D1CD00D175DE /* Frameworks */,
				ACC472062A62D1CD00D175DE /* Resources */,
			);
			buildRules = (
			);
			dependencies = (
			);
			name = "RetainCycle&ARC-II";
			productName = "RetainCycle&ARC-II";
			productReference = ACC472082A62D1CD00D175DE /* RetainCycle&ARC-II.app */;
			productType = "com.apple.product-type.application";
		};
/* End PBXNativeTarget section */

/* Begin PBXProject section */
		ACC472002A62D1CD00D175DE /* Project object */ = {
			isa = PBXProject;
			attributes = {
				BuildIndependentTargetsInParallel = 1;
				LastSwiftUpdateCheck = 1420;
				LastUpgradeCheck = 1420;
				TargetAttributes = {
					ACC472072A62D1CD00D175DE = {
						CreatedOnToolsVersion = 14.2;
					};
				};
			};
			buildConfigurationList = ACC472032A62D1CD00D175DE /* Build configuration list for PBXProject "RetainCycle&ARC-II" */;
			compatibilityVersion = "Xcode 14.0";
			developmentRegion = en;
			hasScannedForEncodings = 0;
			knownRegions = (
				en,
				Base,
			);
			mainGroup = ACC471FF2A62D1CD00D175DE;
			productRefGroup = ACC472092A62D1CD00D175DE /* Products */;
			projectDirPath = "";
			projectRoot = "";
			targets = (
				ACC472072A62D1CD00D175DE /* RetainCycle&ARC-II */,
			);
		};
/* End PBXProject section */

/* Begin PBXResourcesBuildPhase section */
		ACC472062A62D1CD00D175DE /* Resources */ = {
			isa = PBXResourcesBuildPhase;
			buildActionMask = 2147483647;
			files = (
				ACC472182A62D1CE00D175DE /* LaunchScreen.storyboard in Resources */,
				ACC472152A62D1CE00D175DE /* Assets.xcassets in Resources */,
				ACC472132A62D1CD00D175DE /* Main.storyboard in Resources */,
			);
			runOnlyForDeploymentPostprocessing = 0;
		};
/* End PBXResourcesBuildPhase section */

/* Begin PBXSourcesBuildPhase section */
		ACC472042A62D1CD00D175DE /* Sources */ = {
			isa = PBXSourcesBuildPhase;
			buildActionMask = 2147483647;
			files = (
				ACC472242A62EAB700D175DE /* WeakSelfExample.swift in Sources */,
				ACC472202A62D44100D175DE /* Instructor.swift in Sources */,
				ACC472102A62D1CD00D175DE /* ViewController.swift in Sources */,
				ACC4720C2A62D1CD00D175DE /* AppDelegate.swift in Sources */,
				ACC4720E2A62D1CD00D175DE /* SceneDelegate.swift in Sources */,
				ACC472222A62E77300D175DE /* WeakInstructor.swift in Sources */,
			);
			runOnlyForDeploymentPostprocessing = 0;
		};
/* End PBXSourcesBuildPhase section */

/* Begin PBXVariantGroup section */
		ACC472112A62D1CD00D175DE /* Main.storyboard */ = {
			isa = PBXVariantGroup;
			children = (
				ACC472122A62D1CD00D175DE /* Base */,
			);
			name = Main.storyboard;
			sourceTree = "<group>";
		};
		ACC472162A62D1CE00D175DE /* LaunchScreen.storyboard */ = {
			isa = PBXVariantGroup;
			children = (
				ACC472172A62D1CE00D175DE /* Base */,
			);
			name = LaunchScreen.storyboard;
			sourceTree = "<group>";
		};
/* End PBXVariantGroup section */

/* Begin XCBuildConfiguration section */
		ACC4721A2A62D1CE00D175DE /* Debug */ = {
			isa = XCBuildConfiguration;
			buildSettings = {
				ALWAYS_SEARCH_USER_PATHS = NO;
				CLANG_ANALYZER_NONNULL = YES;
				CLANG_ANALYZER_NUMBER_OBJECT_CONVERSION = YES_AGGRESSIVE;
				CLANG_CXX_LANGUAGE_STANDARD = "gnu++20";
				CLANG_ENABLE_MODULES = YES;
				CLANG_ENABLE_OBJC_ARC = YES;
				CLANG_ENABLE_OBJC_WEAK = YES;
				CLANG_WARN_BLOCK_CAPTURE_AUTORELEASING = YES;
				CLANG_WARN_BOOL_CONVERSION = YES;
				CLANG_WARN_COMMA = YES;
				CLANG_WARN_CONSTANT_CONVERSION = YES;
				CLANG_WARN_DEPRECATED_OBJC_IMPLEMENTATIONS = YES;
				CLANG_WARN_DIRECT_OBJC_ISA_USAGE = YES_ERROR;
				CLANG_WARN_DOCUMENTATION_COMMENTS = YES;
				CLANG_WARN_EMPTY_BODY = YES;
				CLANG_WARN_ENUM_CONVERSION = YES;
				CLANG_WARN_INFINITE_RECURSION = YES;
				CLANG_WARN_INT_CONVERSION = YES;
				CLANG_WARN_NON_LITERAL_NULL_CONVERSION = YES;
				CLANG_WARN_OBJC_IMPLICIT_RETAIN_SELF = YES;
				CLANG_WARN_OBJC_LITERAL_CONVERSION = YES;
				CLANG_WARN_OBJC_ROOT_CLASS = YES_ERROR;
				CLANG_WARN_QUOTED_INCLUDE_IN_FRAMEWORK_HEADER = YES;
				CLANG_WARN_RANGE_LOOP_ANALYSIS = YES;
				CLANG_WARN_STRICT_PROTOTYPES = YES;
				CLANG_WARN_SUSPICIOUS_MOVE = YES;
				CLANG_WARN_UNGUARDED_AVAILABILITY = YES_AGGRESSIVE;
				CLANG_WARN_UNREACHABLE_CODE = YES;
				CLANG_WARN__DUPLICATE_METHOD_MATCH = YES;
				COPY_PHASE_STRIP = NO;
				DEBUG_INFORMATION_FORMAT = dwarf;
				ENABLE_STRICT_OBJC_MSGSEND = YES;
				ENABLE_TESTABILITY = YES;
				GCC_C_LANGUAGE_STANDARD = gnu11;
				GCC_DYNAMIC_NO_PIC = NO;
				GCC_NO_COMMON_BLOCKS = YES;
				GCC_OPTIMIZATION_LEVEL = 0;
				GCC_PREPROCESSOR_DEFINITIONS = (
					"DEBUG=1",
					"$(inherited)",
				);
				GCC_WARN_64_TO_32_BIT_CONVERSION = YES;
				GCC_WARN_ABOUT_RETURN_TYPE = YES_ERROR;
				GCC_WARN_UNDECLARED_SELECTOR = YES;
				GCC_WARN_UNINITIALIZED_AUTOS = YES_AGGRESSIVE;
				GCC_WARN_UNUSED_FUNCTION = YES;
				GCC_WARN_UNUSED_VARIABLE = YES;
				IPHONEOS_DEPLOYMENT_TARGET = 16.2;
				MTL_ENABLE_DEBUG_INFO = INCLUDE_SOURCE;
				MTL_FAST_MATH = YES;
				ONLY_ACTIVE_ARCH = YES;
				SDKROOT = iphoneos;
				SWIFT_ACTIVE_COMPILATION_CONDITIONS = DEBUG;
				SWIFT_OPTIMIZATION_LEVEL = "-Onone";
			};
			name = Debug;
		};
		ACC4721B2A62D1CE00D175DE /* Release */ = {
			isa = XCBuildConfiguration;
			buildSettings = {
				ALWAYS_SEARCH_USER_PATHS = NO;
				CLANG_ANALYZER_NONNULL = YES;
				CLANG_ANALYZER_NUMBER_OBJECT_CONVERSION = YES_AGGRESSIVE;
				CLANG_CXX_LANGUAGE_STANDARD = "gnu++20";
				CLANG_ENABLE_MODULES = YES;
				CLANG_ENABLE_OBJC_ARC = YES;
				CLANG_ENABLE_OBJC_WEAK = YES;
				CLANG_WARN_BLOCK_CAPTURE_AUTORELEASING = YES;
				CLANG_WARN_BOOL_CONVERSION = YES;
				CLANG_WARN_COMMA = YES;
				CLANG_WARN_CONSTANT_CONVERSION = YES;
				CLANG_WARN_DEPRECATED_OBJC_IMPLEMENTATIONS = YES;
				CLANG_WARN_DIRECT_OBJC_ISA_USAGE = YES_ERROR;
				CLANG_WARN_DOCUMENTATION_COMMENTS = YES;
				CLANG_WARN_EMPTY_BODY = YES;
				CLANG_WARN_ENUM_CONVERSION = YES;
				CLANG_WARN_INFINITE_RECURSION = YES;
				CLANG_WARN_INT_CONVERSION = YES;
				CLANG_WARN_NON_LITERAL_NULL_CONVERSION = YES;
				CLANG_WARN_OBJC_IMPLICIT_RETAIN_SELF = YES;
				CLANG_WARN_OBJC_LITERAL_CONVERSION = YES;
				CLANG_WARN_OBJC_ROOT_CLASS = YES_ERROR;
				CLANG_WARN_QUOTED_INCLUDE_IN_FRAMEWORK_HEADER = YES;
				CLANG_WARN_RANGE_LOOP_ANALYSIS = YES;
				CLANG_WARN_STRICT_PROTOTYPES = YES;
				CLANG_WARN_SUSPICIOUS_MOVE = YES;
				CLANG_WARN_UNGUARDED_AVAILABILITY = YES_AGGRESSIVE;
				CLANG_WARN_UNREACHABLE_CODE = YES;
				CLANG_WARN__DUPLICATE_METHOD_MATCH = YES;
				COPY_PHASE_STRIP = NO;
				DEBUG_INFORMATION_FORMAT = "dwarf-with-dsym";
				ENABLE_NS_ASSERTIONS = NO;
				ENABLE_STRICT_OBJC_MSGSEND = YES;
				GCC_C_LANGUAGE_STANDARD = gnu11;
				GCC_NO_COMMON_BLOCKS = YES;
				GCC_WARN_64_TO_32_BIT_CONVERSION = YES;
				GCC_WARN_ABOUT_RETURN_TYPE = YES_ERROR;
				GCC_WARN_UNDECLARED_SELECTOR = YES;
				GCC_WARN_UNINITIALIZED_AUTOS = YES_AGGRESSIVE;
				GCC_WARN_UNUSED_FUNCTION = YES;
				GCC_WARN_UNUSED_VARIABLE = YES;
				IPHONEOS_DEPLOYMENT_TARGET = 16.2;
				MTL_ENABLE_DEBUG_INFO = NO;
				MTL_FAST_MATH = YES;
				SDKROOT = iphoneos;
				SWIFT_COMPILATION_MODE = wholemodule;
				SWIFT_OPTIMIZATION_LEVEL = "-O";
				VALIDATE_PRODUCT = YES;
			};
			name = Release;
		};
		ACC4721D2A62D1CE00D175DE /* Debug */ = {
			isa = XCBuildConfiguration;
			buildSettings = {
				ASSETCATALOG_COMPILER_APPICON_NAME = AppIcon;
				ASSETCATALOG_COMPILER_GLOBAL_ACCENT_COLOR_NAME = AccentColor;
				CODE_SIGN_STYLE = Automatic;
				CURRENT_PROJECT_VERSION = 1;
				DEVELOPMENT_TEAM = V92W5X939L;
				GENERATE_INFOPLIST_FILE = YES;
				INFOPLIST_FILE = "RetainCycle&ARC-II/Info.plist";
				INFOPLIST_KEY_UIApplicationSupportsIndirectInputEvents = YES;
				INFOPLIST_KEY_UILaunchStoryboardName = LaunchScreen;
				INFOPLIST_KEY_UIMainStoryboardFile = Main;
				INFOPLIST_KEY_UISupportedInterfaceOrientations_iPad = "UIInterfaceOrientationPortrait UIInterfaceOrientationPortraitUpsideDown UIInterfaceOrientationLandscapeLeft UIInterfaceOrientationLandscapeRight";
				INFOPLIST_KEY_UISupportedInterfaceOrientations_iPhone = "UIInterfaceOrientationPortrait UIInterfaceOrientationLandscapeLeft UIInterfaceOrientationLandscapeRight";
				LD_RUNPATH_SEARCH_PATHS = (
					"$(inherited)",
					"@executable_path/Frameworks",
				);
				MARKETING_VERSION = 1.0;
				PRODUCT_BUNDLE_IDENTIFIER = "com.furkanbingol.RetainCycle-ARC-II";
				PRODUCT_NAME = "$(TARGET_NAME)";
				SWIFT_EMIT_LOC_STRINGS = YES;
				SWIFT_VERSION = 5.0;
				TARGETED_DEVICE_FAMILY = "1,2";
			};
			name = Debug;
		};
		ACC4721E2A62D1CE00D175DE /* Release */ = {
			isa = XCBuildConfiguration;
			buildSettings = {
				ASSETCATALOG_COMPILER_APPICON_NAME = AppIcon;
				ASSETCATALOG_COMPILER_GLOBAL_ACCENT_COLOR_NAME = AccentColor;
				CODE_SIGN_STYLE = Automatic;
				CURRENT_PROJECT_VERSION = 1;
				DEVELOPMENT_TEAM = V92W5X939L;
				GENERATE_INFOPLIST_FILE = YES;
				INFOPLIST_FILE = "RetainCycle&ARC-II/Info.plist";
				INFOPLIST_KEY_UIApplicationSupportsIndirectInputEvents = YES;
				INFOPLIST_KEY_UILaunchStoryboardName = LaunchScreen;
				INFOPLIST_KEY_UIMainStoryboardFile = Main;
				INFOPLIST_KEY_UISupportedInterfaceOrientations_iPad = "UIInterfaceOrientationPortrait UIInterfaceOrientationPortraitUpsideDown UIInterfaceOrientationLandscapeLeft UIInterfaceOrientationLandscapeRight";
				INFOPLIST_KEY_UISupportedInterfaceOrientations_iPhone = "UIInterfaceOrientationPortrait UIInterfaceOrientationLandscapeLeft UIInterfaceOrientationLandscapeRight";
				LD_RUNPATH_SEARCH_PATHS = (
					"$(inherited)",
					"@executable_path/Frameworks",
				);
				MARKETING_VERSION = 1.0;
				PRODUCT_BUNDLE_IDENTIFIER = "com.furkanbingol.RetainCycle-ARC-II";
				PRODUCT_NAME = "$(TARGET_NAME)";
				SWIFT_EMIT_LOC_STRINGS = YES;
				SWIFT_VERSION = 5.0;
				TARGETED_DEVICE_FAMILY = "1,2";
			};
			name = Release;
		};
/* End XCBuildConfiguration section */

/* Begin XCConfigurationList section */
		ACC472032A62D1CD00D175DE /* Build configuration list for PBXProject "RetainCycle&ARC-II" */ = {
			isa = XCConfigurationList;
			buildConfigurations = (
				ACC4721A2A62D1CE00D175DE /* Debug */,
				ACC4721B2A62D1CE00D175DE /* Release */,
			);
			defaultConfigurationIsVisible = 0;
			defaultConfigurationName = Release;
		};
		ACC4721C2A62D1CE00D175DE /* Build configuration list for PBXNativeTarget "RetainCycle&ARC-II" */ = {
			isa = XCConfigurationList;
			buildConfigurations = (
				ACC4721D2A62D1CE00D175DE /* Debug */,
				ACC4721E2A62D1CE00D175DE /* Release */,
			);
			defaultConfigurationIsVisible = 0;
			defaultConfigurationName = Release;
		};
/* End XCConfigurationList section */
	};
	rootObject = ACC472002A62D1CD00D175DE /* Project object */;
}
