// !$*UTF8*$!
{
	archiveVersion = 1;
	classes = {
	};
	objectVersion = 56;
	objects = {

/* Begin PBXBuildFile section */
		AC615E252A54356B00ED032E /* AppDelegate.swift in Sources */ = {isa = PBXBuildFile; fileRef = AC615E242A54356B00ED032E /* AppDelegate.swift */; };
		AC615E272A54356B00ED032E /* SceneDelegate.swift in Sources */ = {isa = PBXBuildFile; fileRef = AC615E262A54356B00ED032E /* SceneDelegate.swift */; };
		AC615E2E2A54356C00ED032E /* Assets.xcassets in Resources */ = {isa = PBXBuildFile; fileRef = AC615E2D2A54356C00ED032E /* Assets.xcassets */; };
		AC615E312A54356C00ED032E /* LaunchScreen.storyboard in Resources */ = {isa = PBXBuildFile; fileRef = AC615E2F2A54356C00ED032E /* LaunchScreen.storyboard */; };
		AC615E392A54376800ED032E /* CardSelectionViewController.swift in Sources */ = {isa = PBXBuildFile; fileRef = AC615E382A54376800ED032E /* CardSelectionViewController.swift */; };
		AC615E3E2A54389C00ED032E /* CDButton.swift in Sources */ = {isa = PBXBuildFile; fileRef = AC615E3D2A54389C00ED032E /* CDButton.swift */; };
		AC615E402A54426900ED032E /* RulesViewController.swift in Sources */ = {isa = PBXBuildFile; fileRef = AC615E3F2A54426900ED032E /* RulesViewController.swift */; };
		AC615E442A5453E100ED032E /* Deck.swift in Sources */ = {isa = PBXBuildFile; fileRef = AC615E432A5453E100ED032E /* Deck.swift */; };
/* End PBXBuildFile section */

/* Begin PBXFileReference section */
		AC615E212A54356B00ED032E /* CardDeck-Programmatic.app */ = {isa = PBXFileReference; explicitFileType = wrapper.application; includeInIndex = 0; path = "CardDeck-Programmatic.app"; sourceTree = BUILT_PRODUCTS_DIR; };
		AC615E242A54356B00ED032E /* AppDelegate.swift */ = {isa = PBXFileReference; lastKnownFileType = sourcecode.swift; path = AppDelegate.swift; sourceTree = "<group>"; };
		AC615E262A54356B00ED032E /* SceneDelegate.swift */ = {isa = PBXFileReference; lastKnownFileType = sourcecode.swift; path = SceneDelegate.swift; sourceTree = "<group>"; };
		AC615E2D2A54356C00ED032E /* Assets.xcassets */ = {isa = PBXFileReference; lastKnownFileType = folder.assetcatalog; path = Assets.xcassets; sourceTree = "<group>"; };
		AC615E302A54356C00ED032E /* Base */ = {isa = PBXFileReference; lastKnownFileType = file.storyboard; name = Base; path = Base.lproj/LaunchScreen.storyboard; sourceTree = "<group>"; };
		AC615E322A54356C00ED032E /* Info.plist */ = {isa = PBXFileReference; lastKnownFileType = text.plist.xml; path = Info.plist; sourceTree = "<group>"; };
		AC615E382A54376800ED032E /* CardSelectionViewController.swift */ = {isa = PBXFileReference; lastKnownFileType = sourcecode.swift; path = CardSelectionViewController.swift; sourceTree = "<group>"; };
		AC615E3D2A54389C00ED032E /* CDButton.swift */ = {isa = PBXFileReference; lastKnownFileType = sourcecode.swift; path = CDButton.swift; sourceTree = "<group>"; };
		AC615E3F2A54426900ED032E /* RulesViewController.swift */ = {isa = PBXFileReference; lastKnownFileType = sourcecode.swift; path = RulesViewController.swift; sourceTree = "<group>"; };
		AC615E432A5453E100ED032E /* Deck.swift */ = {isa = PBXFileReference; lastKnownFileType = sourcecode.swift; path = Deck.swift; sourceTree = "<group>"; };
/* End PBXFileReference section */

/* Begin PBXFrameworksBuildPhase section */
		AC615E1E2A54356B00ED032E /* Frameworks */ = {
			isa = PBXFrameworksBuildPhase;
			buildActionMask = 2147483647;
			files = (
			);
			runOnlyForDeploymentPostprocessing = 0;
		};
/* End PBXFrameworksBuildPhase section */

/* Begin PBXGroup section */
		AC615E182A54356B00ED032E = {
			isa = PBXGroup;
			children = (
				AC615E232A54356B00ED032E /* CardDeck-Programmatic */,
				AC615E222A54356B00ED032E /* Products */,
			);
			sourceTree = "<group>";
		};
		AC615E222A54356B00ED032E /* Products */ = {
			isa = PBXGroup;
			children = (
				AC615E212A54356B00ED032E /* CardDeck-Programmatic.app */,
			);
			name = Products;
			sourceTree = "<group>";
		};
		AC615E232A54356B00ED032E /* CardDeck-Programmatic */ = {
			isa = PBXGroup;
			children = (
				AC615E3A2A54382E00ED032E /* Core */,
				AC615E3B2A54383C00ED032E /* Resources */,
				AC615E3C2A54384C00ED032E /* Scenes */,
				AC615E322A54356C00ED032E /* Info.plist */,
			);
			path = "CardDeck-Programmatic";
			sourceTree = "<group>";
		};
		AC615E3A2A54382E00ED032E /* Core */ = {
			isa = PBXGroup;
			children = (
				AC615E242A54356B00ED032E /* AppDelegate.swift */,
				AC615E262A54356B00ED032E /* SceneDelegate.swift */,
			);
			path = Core;
			sourceTree = "<group>";
		};
		AC615E3B2A54383C00ED032E /* Resources */ = {
			isa = PBXGroup;
			children = (
				AC615E2D2A54356C00ED032E /* Assets.xcassets */,
				AC615E2F2A54356C00ED032E /* LaunchScreen.storyboard */,
			);
			path = Resources;
			sourceTree = "<group>";
		};
		AC615E3C2A54384C00ED032E /* Scenes */ = {
			isa = PBXGroup;
			children = (
				AC615E382A54376800ED032E /* CardSelectionViewController.swift */,
				AC615E3F2A54426900ED032E /* RulesViewController.swift */,
				AC615E3D2A54389C00ED032E /* CDButton.swift */,
				AC615E432A5453E100ED032E /* Deck.swift */,
			);
			path = Scenes;
			sourceTree = "<group>";
		};
/* End PBXGroup section */

/* Begin PBXNativeTarget section */
		AC615E202A54356B00ED032E /* CardDeck-Programmatic */ = {
			isa = PBXNativeTarget;
			buildConfigurationList = AC615E352A54356C00ED032E /* Build configuration list for PBXNativeTarget "CardDeck-Programmatic" */;
			buildPhases = (
				AC615E1D2A54356B00ED032E /* Sources */,
				AC615E1E2A54356B00ED032E /* Frameworks */,
				AC615E1F2A54356B00ED032E /* Resources */,
			);
			buildRules = (
			);
			dependencies = (
			);
			name = "CardDeck-Programmatic";
			productName = "CardDeck-Programmatic";
			productReference = AC615E212A54356B00ED032E /* CardDeck-Programmatic.app */;
			productType = "com.apple.product-type.application";
		};
/* End PBXNativeTarget section */

/* Begin PBXProject section */
		AC615E192A54356B00ED032E /* Project object */ = {
			isa = PBXProject;
			attributes = {
				BuildIndependentTargetsInParallel = 1;
				LastSwiftUpdateCheck = 1420;
				LastUpgradeCheck = 1420;
				TargetAttributes = {
					AC615E202A54356B00ED032E = {
						CreatedOnToolsVersion = 14.2;
					};
				};
			};
			buildConfigurationList = AC615E1C2A54356B00ED032E /* Build configuration list for PBXProject "CardDeck-Programmatic" */;
			compatibilityVersion = "Xcode 14.0";
			developmentRegion = en;
			hasScannedForEncodings = 0;
			knownRegions = (
				en,
				Base,
			);
			mainGroup = AC615E182A54356B00ED032E;
			productRefGroup = AC615E222A54356B00ED032E /* Products */;
			projectDirPath = "";
			projectRoot = "";
			targets = (
				AC615E202A54356B00ED032E /* CardDeck-Programmatic */,
			);
		};
/* End PBXProject section */

/* Begin PBXResourcesBuildPhase section */
		AC615E1F2A54356B00ED032E /* Resources */ = {
			isa = PBXResourcesBuildPhase;
			buildActionMask = 2147483647;
			files = (
				AC615E312A54356C00ED032E /* LaunchScreen.storyboard in Resources */,
				AC615E2E2A54356C00ED032E /* Assets.xcassets in Resources */,
			);
			runOnlyForDeploymentPostprocessing = 0;
		};
/* End PBXResourcesBuildPhase section */

/* Begin PBXSourcesBuildPhase section */
		AC615E1D2A54356B00ED032E /* Sources */ = {
			isa = PBXSourcesBuildPhase;
			buildActionMask = 2147483647;
			files = (
				AC615E442A5453E100ED032E /* Deck.swift in Sources */,
				AC615E402A54426900ED032E /* RulesViewController.swift in Sources */,
				AC615E3E2A54389C00ED032E /* CDButton.swift in Sources */,
				AC615E252A54356B00ED032E /* AppDelegate.swift in Sources */,
				AC615E272A54356B00ED032E /* SceneDelegate.swift in Sources */,
				AC615E392A54376800ED032E /* CardSelectionViewController.swift in Sources */,
			);
			runOnlyForDeploymentPostprocessing = 0;
		};
/* End PBXSourcesBuildPhase section */

/* Begin PBXVariantGroup section */
		AC615E2F2A54356C00ED032E /* LaunchScreen.storyboard */ = {
			isa = PBXVariantGroup;
			children = (
				AC615E302A54356C00ED032E /* Base */,
			);
			name = LaunchScreen.storyboard;
			sourceTree = "<group>";
		};
/* End PBXVariantGroup section */

/* Begin XCBuildConfiguration section */
		AC615E332A54356C00ED032E /* Debug */ = {
			isa = XCBuildConfiguration;
			buildSettings = {
				ALWAYS_SEARCH_USER_PATHS = NO;
				CLANG_ANALYZER_NONNULL = YES;
				CLANG_ANALYZER_NUMBER_OBJECT_CONVERSION = YES_AGGRESSIVE;
				CLANG_CXX_LANGUAGE_STANDARD = "gnu++20";
				CLANG_ENABLE_MODULES = YES;
				CLANG_ENABLE_OBJC_ARC = YES;
				CLANG_ENABLE_OBJC_WEAK = YES;
				CLANG_WARN_BLOCK_CAPTURE_AUTORELEASING = YES;
				CLANG_WARN_BOOL_CONVERSION = YES;
				CLANG_WARN_COMMA = YES;
				CLANG_WARN_CONSTANT_CONVERSION = YES;
				CLANG_WARN_DEPRECATED_OBJC_IMPLEMENTATIONS = YES;
				CLANG_WARN_DIRECT_OBJC_ISA_USAGE = YES_ERROR;
				CLANG_WARN_DOCUMENTATION_COMMENTS = YES;
				CLANG_WARN_EMPTY_BODY = YES;
				CLANG_WARN_ENUM_CONVERSION = YES;
				CLANG_WARN_INFINITE_RECURSION = YES;
				CLANG_WARN_INT_CONVERSION = YES;
				CLANG_WARN_NON_LITERAL_NULL_CONVERSION = YES;
				CLANG_WARN_OBJC_IMPLICIT_RETAIN_SELF = YES;
				CLANG_WARN_OBJC_LITERAL_CONVERSION = YES;
				CLANG_WARN_OBJC_ROOT_CLASS = YES_ERROR;
				CLANG_WARN_QUOTED_INCLUDE_IN_FRAMEWORK_HEADER = YES;
				CLANG_WARN_RANGE_LOOP_ANALYSIS = YES;
				CLANG_WARN_STRICT_PROTOTYPES = YES;
				CLANG_WARN_SUSPICIOUS_MOVE = YES;
				CLANG_WARN_UNGUARDED_AVAILABILITY = YES_AGGRESSIVE;
				CLANG_WARN_UNREACHABLE_CODE = YES;
				CLANG_WARN__DUPLICATE_METHOD_MATCH = YES;
				COPY_PHASE_STRIP = NO;
				DEBUG_INFORMATION_FORMAT = dwarf;
				ENABLE_STRICT_OBJC_MSGSEND = YES;
				ENABLE_TESTABILITY = YES;
				GCC_C_LANGUAGE_STANDARD = gnu11;
				GCC_DYNAMIC_NO_PIC = NO;
				GCC_NO_COMMON_BLOCKS = YES;
				GCC_OPTIMIZATION_LEVEL = 0;
				GCC_PREPROCESSOR_DEFINITIONS = (
					"DEBUG=1",
					"$(inherited)",
				);
				GCC_WARN_64_TO_32_BIT_CONVERSION = YES;
				GCC_WARN_ABOUT_RETURN_TYPE = YES_ERROR;
				GCC_WARN_UNDECLARED_SELECTOR = YES;
				GCC_WARN_UNINITIALIZED_AUTOS = YES_AGGRESSIVE;
				GCC_WARN_UNUSED_FUNCTION = YES;
				GCC_WARN_UNUSED_VARIABLE = YES;
				IPHONEOS_DEPLOYMENT_TARGET = 16.2;
				MTL_ENABLE_DEBUG_INFO = INCLUDE_SOURCE;
				MTL_FAST_MATH = YES;
				ONLY_ACTIVE_ARCH = YES;
				SDKROOT = iphoneos;
				SWIFT_ACTIVE_COMPILATION_CONDITIONS = DEBUG;
				SWIFT_OPTIMIZATION_LEVEL = "-Onone";
			};
			name = Debug;
		};
		AC615E342A54356C00ED032E /* Release */ = {
			isa = XCBuildConfiguration;
			buildSettings = {
				ALWAYS_SEARCH_USER_PATHS = NO;
				CLANG_ANALYZER_NONNULL = YES;
				CLANG_ANALYZER_NUMBER_OBJECT_CONVERSION = YES_AGGRESSIVE;
				CLANG_CXX_LANGUAGE_STANDARD = "gnu++20";
				CLANG_ENABLE_MODULES = YES;
				CLANG_ENABLE_OBJC_ARC = YES;
				CLANG_ENABLE_OBJC_WEAK = YES;
				CLANG_WARN_BLOCK_CAPTURE_AUTORELEASING = YES;
				CLANG_WARN_BOOL_CONVERSION = YES;
				CLANG_WARN_COMMA = YES;
				CLANG_WARN_CONSTANT_CONVERSION = YES;
				CLANG_WARN_DEPRECATED_OBJC_IMPLEMENTATIONS = YES;
				CLANG_WARN_DIRECT_OBJC_ISA_USAGE = YES_ERROR;
				CLANG_WARN_DOCUMENTATION_COMMENTS = YES;
				CLANG_WARN_EMPTY_BODY = YES;
				CLANG_WARN_ENUM_CONVERSION = YES;
				CLANG_WARN_INFINITE_RECURSION = YES;
				CLANG_WARN_INT_CONVERSION = YES;
				CLANG_WARN_NON_LITERAL_NULL_CONVERSION = YES;
				CLANG_WARN_OBJC_IMPLICIT_RETAIN_SELF = YES;
				CLANG_WARN_OBJC_LITERAL_CONVERSION = YES;
				CLANG_WARN_OBJC_ROOT_CLASS = YES_ERROR;
				CLANG_WARN_QUOTED_INCLUDE_IN_FRAMEWORK_HEADER = YES;
				CLANG_WARN_RANGE_LOOP_ANALYSIS = YES;
				CLANG_WARN_STRICT_PROTOTYPES = YES;
				CLANG_WARN_SUSPICIOUS_MOVE = YES;
				CLANG_WARN_UNGUARDED_AVAILABILITY = YES_AGGRESSIVE;
				CLANG_WARN_UNREACHABLE_CODE = YES;
				CLANG_WARN__DUPLICATE_METHOD_MATCH = YES;
				COPY_PHASE_STRIP = NO;
				DEBUG_INFORMATION_FORMAT = "dwarf-with-dsym";
				ENABLE_NS_ASSERTIONS = NO;
				ENABLE_STRICT_OBJC_MSGSEND = YES;
				GCC_C_LANGUAGE_STANDARD = gnu11;
				GCC_NO_COMMON_BLOCKS = YES;
				GCC_WARN_64_TO_32_BIT_CONVERSION = YES;
				GCC_WARN_ABOUT_RETURN_TYPE = YES_ERROR;
				GCC_WARN_UNDECLARED_SELECTOR = YES;
				GCC_WARN_UNINITIALIZED_AUTOS = YES_AGGRESSIVE;
				GCC_WARN_UNUSED_FUNCTION = YES;
				GCC_WARN_UNUSED_VARIABLE = YES;
				IPHONEOS_DEPLOYMENT_TARGET = 16.2;
				MTL_ENABLE_DEBUG_INFO = NO;
				MTL_FAST_MATH = YES;
				SDKROOT = iphoneos;
				SWIFT_COMPILATION_MODE = wholemodule;
				SWIFT_OPTIMIZATION_LEVEL = "-O";
				VALIDATE_PRODUCT = YES;
			};
			name = Release;
		};
		AC615E362A54356C00ED032E /* Debug */ = {
			isa = XCBuildConfiguration;
			buildSettings = {
				ASSETCATALOG_COMPILER_APPICON_NAME = AppIcon;
				ASSETCATALOG_COMPILER_GLOBAL_ACCENT_COLOR_NAME = AccentColor;
				CODE_SIGN_STYLE = Automatic;
				CURRENT_PROJECT_VERSION = 1;
				DEVELOPMENT_TEAM = V92W5X939L;
				GENERATE_INFOPLIST_FILE = YES;
				INFOPLIST_FILE = "CardDeck-Programmatic/Info.plist";
				INFOPLIST_KEY_UIApplicationSupportsIndirectInputEvents = YES;
				INFOPLIST_KEY_UILaunchStoryboardName = LaunchScreen;
				INFOPLIST_KEY_UIMainStoryboardFile = "";
				INFOPLIST_KEY_UISupportedInterfaceOrientations_iPad = "UIInterfaceOrientationPortrait UIInterfaceOrientationPortraitUpsideDown UIInterfaceOrientationLandscapeLeft UIInterfaceOrientationLandscapeRight";
				INFOPLIST_KEY_UISupportedInterfaceOrientations_iPhone = "UIInterfaceOrientationPortrait UIInterfaceOrientationLandscapeLeft UIInterfaceOrientationLandscapeRight";
				LD_RUNPATH_SEARCH_PATHS = (
					"$(inherited)",
					"@executable_path/Frameworks",
				);
				MARKETING_VERSION = 1.0;
				PRODUCT_BUNDLE_IDENTIFIER = "com.furkanbingol.CardDeck-Programmatic";
				PRODUCT_NAME = "$(TARGET_NAME)";
				SWIFT_EMIT_LOC_STRINGS = YES;
				SWIFT_VERSION = 5.0;
				TARGETED_DEVICE_FAMILY = "1,2";
			};
			name = Debug;
		};
		AC615E372A54356C00ED032E /* Release */ = {
			isa = XCBuildConfiguration;
			buildSettings = {
				ASSETCATALOG_COMPILER_APPICON_NAME = AppIcon;
				ASSETCATALOG_COMPILER_GLOBAL_ACCENT_COLOR_NAME = AccentColor;
				CODE_SIGN_STYLE = Automatic;
				CURRENT_PROJECT_VERSION = 1;
				DEVELOPMENT_TEAM = V92W5X939L;
				GENERATE_INFOPLIST_FILE = YES;
				INFOPLIST_FILE = "CardDeck-Programmatic/Info.plist";
				INFOPLIST_KEY_UIApplicationSupportsIndirectInputEvents = YES;
				INFOPLIST_KEY_UILaunchStoryboardName = LaunchScreen;
				INFOPLIST_KEY_UIMainStoryboardFile = "";
				INFOPLIST_KEY_UISupportedInterfaceOrientations_iPad = "UIInterfaceOrientationPortrait UIInterfaceOrientationPortraitUpsideDown UIInterfaceOrientationLandscapeLeft UIInterfaceOrientationLandscapeRight";
				INFOPLIST_KEY_UISupportedInterfaceOrientations_iPhone = "UIInterfaceOrientationPortrait UIInterfaceOrientationLandscapeLeft UIInterfaceOrientationLandscapeRight";
				LD_RUNPATH_SEARCH_PATHS = (
					"$(inherited)",
					"@executable_path/Frameworks",
				);
				MARKETING_VERSION = 1.0;
				PRODUCT_BUNDLE_IDENTIFIER = "com.furkanbingol.CardDeck-Programmatic";
				PRODUCT_NAME = "$(TARGET_NAME)";
				SWIFT_EMIT_LOC_STRINGS = YES;
				SWIFT_VERSION = 5.0;
				TARGETED_DEVICE_FAMILY = "1,2";
			};
			name = Release;
		};
/* End XCBuildConfiguration section */

/* Begin XCConfigurationList section */
		AC615E1C2A54356B00ED032E /* Build configuration list for PBXProject "CardDeck-Programmatic" */ = {
			isa = XCConfigurationList;
			buildConfigurations = (
				AC615E332A54356C00ED032E /* Debug */,
				AC615E342A54356C00ED032E /* Release */,
			);
			defaultConfigurationIsVisible = 0;
			defaultConfigurationName = Release;
		};
		AC615E352A54356C00ED032E /* Build configuration list for PBXNativeTarget "CardDeck-Programmatic" */ = {
			isa = XCConfigurationList;
			buildConfigurations = (
				AC615E362A54356C00ED032E /* Debug */,
				AC615E372A54356C00ED032E /* Release */,
			);
			defaultConfigurationIsVisible = 0;
			defaultConfigurationName = Release;
		};
/* End XCConfigurationList section */
	};
	rootObject = AC615E192A54356B00ED032E /* Project object */;
}
