// !$*UTF8*$!
{
	archiveVersion = 1;
	classes = {
	};
	objectVersion = 56;
	objects = {

/* Begin PBXBuildFile section */
		ACD93F7929B0CA2900604CBE /* AppDelegate.swift in Sources */ = {isa = PBXBuildFile; fileRef = ACD93F7829B0CA2900604CBE /* AppDelegate.swift */; };
		ACD93F7B29B0CA2900604CBE /* SceneDelegate.swift in Sources */ = {isa = PBXBuildFile; fileRef = ACD93F7A29B0CA2900604CBE /* SceneDelegate.swift */; };
		ACD93F8029B0CA2900604CBE /* Main.storyboard in Resources */ = {isa = PBXBuildFile; fileRef = ACD93F7E29B0CA2900604CBE /* Main.storyboard */; };
		ACD93F8229B0CA2900604CBE /* Assets.xcassets in Resources */ = {isa = PBXBuildFile; fileRef = ACD93F8129B0CA2900604CBE /* Assets.xcassets */; };
		ACD93F8529B0CA2900604CBE /* LaunchScreen.storyboard in Resources */ = {isa = PBXBuildFile; fileRef = ACD93F8329B0CA2900604CBE /* LaunchScreen.storyboard */; };
		ACD93F8D29B0CAFC00604CBE /* Registration.swift in Sources */ = {isa = PBXBuildFile; fileRef = ACD93F8C29B0CAFC00604CBE /* Registration.swift */; };
		ACD93F9029B0CBA400604CBE /* RoomType.swift in Sources */ = {isa = PBXBuildFile; fileRef = ACD93F8F29B0CBA400604CBE /* RoomType.swift */; };
		ACD93F9229B0DAAF00604CBE /* AddRegistrationTableViewController.swift in Sources */ = {isa = PBXBuildFile; fileRef = ACD93F9129B0DAAF00604CBE /* AddRegistrationTableViewController.swift */; };
/* End PBXBuildFile section */

/* Begin PBXFileReference section */
		ACD93F7529B0CA2900604CBE /* HotelCalifornia.app */ = {isa = PBXFileReference; explicitFileType = wrapper.application; includeInIndex = 0; path = HotelCalifornia.app; sourceTree = BUILT_PRODUCTS_DIR; };
		ACD93F7829B0CA2900604CBE /* AppDelegate.swift */ = {isa = PBXFileReference; lastKnownFileType = sourcecode.swift; path = AppDelegate.swift; sourceTree = "<group>"; };
		ACD93F7A29B0CA2900604CBE /* SceneDelegate.swift */ = {isa = PBXFileReference; lastKnownFileType = sourcecode.swift; path = SceneDelegate.swift; sourceTree = "<group>"; };
		ACD93F7F29B0CA2900604CBE /* Base */ = {isa = PBXFileReference; lastKnownFileType = file.storyboard; name = Base; path = Base.lproj/Main.storyboard; sourceTree = "<group>"; };
		ACD93F8129B0CA2900604CBE /* Assets.xcassets */ = {isa = PBXFileReference; lastKnownFileType = folder.assetcatalog; path = Assets.xcassets; sourceTree = "<group>"; };
		ACD93F8429B0CA2900604CBE /* Base */ = {isa = PBXFileReference; lastKnownFileType = file.storyboard; name = Base; path = Base.lproj/LaunchScreen.storyboard; sourceTree = "<group>"; };
		ACD93F8629B0CA2900604CBE /* Info.plist */ = {isa = PBXFileReference; lastKnownFileType = text.plist.xml; path = Info.plist; sourceTree = "<group>"; };
		ACD93F8C29B0CAFC00604CBE /* Registration.swift */ = {isa = PBXFileReference; lastKnownFileType = sourcecode.swift; path = Registration.swift; sourceTree = "<group>"; };
		ACD93F8F29B0CBA400604CBE /* RoomType.swift */ = {isa = PBXFileReference; lastKnownFileType = sourcecode.swift; path = RoomType.swift; sourceTree = "<group>"; };
		ACD93F9129B0DAAF00604CBE /* AddRegistrationTableViewController.swift */ = {isa = PBXFileReference; lastKnownFileType = sourcecode.swift; path = AddRegistrationTableViewController.swift; sourceTree = "<group>"; };
/* End PBXFileReference section */

/* Begin PBXFrameworksBuildPhase section */
		ACD93F7229B0CA2900604CBE /* Frameworks */ = {
			isa = PBXFrameworksBuildPhase;
			buildActionMask = 2147483647;
			files = (
			);
			runOnlyForDeploymentPostprocessing = 0;
		};
/* End PBXFrameworksBuildPhase section */

/* Begin PBXGroup section */
		ACD93F6C29B0CA2900604CBE = {
			isa = PBXGroup;
			children = (
				ACD93F7729B0CA2900604CBE /* HotelCalifornia */,
				ACD93F7629B0CA2900604CBE /* Products */,
			);
			sourceTree = "<group>";
		};
		ACD93F7629B0CA2900604CBE /* Products */ = {
			isa = PBXGroup;
			children = (
				ACD93F7529B0CA2900604CBE /* HotelCalifornia.app */,
			);
			name = Products;
			sourceTree = "<group>";
		};
		ACD93F7729B0CA2900604CBE /* HotelCalifornia */ = {
			isa = PBXGroup;
			children = (
				ACD93F9329B0DAC300604CBE /* Controllers */,
				ACD93F8E29B0CB3400604CBE /* Models */,
				ACD93F7829B0CA2900604CBE /* AppDelegate.swift */,
				ACD93F7A29B0CA2900604CBE /* SceneDelegate.swift */,
				ACD93F7E29B0CA2900604CBE /* Main.storyboard */,
				ACD93F8129B0CA2900604CBE /* Assets.xcassets */,
				ACD93F8329B0CA2900604CBE /* LaunchScreen.storyboard */,
				ACD93F8629B0CA2900604CBE /* Info.plist */,
			);
			path = HotelCalifornia;
			sourceTree = "<group>";
		};
		ACD93F8E29B0CB3400604CBE /* Models */ = {
			isa = PBXGroup;
			children = (
				ACD93F8C29B0CAFC00604CBE /* Registration.swift */,
				ACD93F8F29B0CBA400604CBE /* RoomType.swift */,
			);
			path = Models;
			sourceTree = "<group>";
		};
		ACD93F9329B0DAC300604CBE /* Controllers */ = {
			isa = PBXGroup;
			children = (
				ACD93F9129B0DAAF00604CBE /* AddRegistrationTableViewController.swift */,
			);
			path = Controllers;
			sourceTree = "<group>";
		};
/* End PBXGroup section */

/* Begin PBXNativeTarget section */
		ACD93F7429B0CA2900604CBE /* HotelCalifornia */ = {
			isa = PBXNativeTarget;
			buildConfigurationList = ACD93F8929B0CA2900604CBE /* Build configuration list for PBXNativeTarget "HotelCalifornia" */;
			buildPhases = (
				ACD93F7129B0CA2900604CBE /* Sources */,
				ACD93F7229B0CA2900604CBE /* Frameworks */,
				ACD93F7329B0CA2900604CBE /* Resources */,
			);
			buildRules = (
			);
			dependencies = (
			);
			name = HotelCalifornia;
			productName = HotelCalifornia;
			productReference = ACD93F7529B0CA2900604CBE /* HotelCalifornia.app */;
			productType = "com.apple.product-type.application";
		};
/* End PBXNativeTarget section */

/* Begin PBXProject section */
		ACD93F6D29B0CA2900604CBE /* Project object */ = {
			isa = PBXProject;
			attributes = {
				BuildIndependentTargetsInParallel = 1;
				LastSwiftUpdateCheck = 1420;
				LastUpgradeCheck = 1420;
				TargetAttributes = {
					ACD93F7429B0CA2900604CBE = {
						CreatedOnToolsVersion = 14.2;
					};
				};
			};
			buildConfigurationList = ACD93F7029B0CA2900604CBE /* Build configuration list for PBXProject "HotelCalifornia" */;
			compatibilityVersion = "Xcode 14.0";
			developmentRegion = en;
			hasScannedForEncodings = 0;
			knownRegions = (
				en,
				Base,
			);
			mainGroup = ACD93F6C29B0CA2900604CBE;
			productRefGroup = ACD93F7629B0CA2900604CBE /* Products */;
			projectDirPath = "";
			projectRoot = "";
			targets = (
				ACD93F7429B0CA2900604CBE /* HotelCalifornia */,
			);
		};
/* End PBXProject section */

/* Begin PBXResourcesBuildPhase section */
		ACD93F7329B0CA2900604CBE /* Resources */ = {
			isa = PBXResourcesBuildPhase;
			buildActionMask = 2147483647;
			files = (
				ACD93F8529B0CA2900604CBE /* LaunchScreen.storyboard in Resources */,
				ACD93F8229B0CA2900604CBE /* Assets.xcassets in Resources */,
				ACD93F8029B0CA2900604CBE /* Main.storyboard in Resources */,
			);
			runOnlyForDeploymentPostprocessing = 0;
		};
/* End PBXResourcesBuildPhase section */

/* Begin PBXSourcesBuildPhase section */
		ACD93F7129B0CA2900604CBE /* Sources */ = {
			isa = PBXSourcesBuildPhase;
			buildActionMask = 2147483647;
			files = (
				ACD93F9029B0CBA400604CBE /* RoomType.swift in Sources */,
				ACD93F9229B0DAAF00604CBE /* AddRegistrationTableViewController.swift in Sources */,
				ACD93F7929B0CA2900604CBE /* AppDelegate.swift in Sources */,
				ACD93F8D29B0CAFC00604CBE /* Registration.swift in Sources */,
				ACD93F7B29B0CA2900604CBE /* SceneDelegate.swift in Sources */,
			);
			runOnlyForDeploymentPostprocessing = 0;
		};
/* End PBXSourcesBuildPhase section */

/* Begin PBXVariantGroup section */
		ACD93F7E29B0CA2900604CBE /* Main.storyboard */ = {
			isa = PBXVariantGroup;
			children = (
				ACD93F7F29B0CA2900604CBE /* Base */,
			);
			name = Main.storyboard;
			sourceTree = "<group>";
		};
		ACD93F8329B0CA2900604CBE /* LaunchScreen.storyboard */ = {
			isa = PBXVariantGroup;
			children = (
				ACD93F8429B0CA2900604CBE /* Base */,
			);
			name = LaunchScreen.storyboard;
			sourceTree = "<group>";
		};
/* End PBXVariantGroup section */

/* Begin XCBuildConfiguration section */
		ACD93F8729B0CA2900604CBE /* Debug */ = {
			isa = XCBuildConfiguration;
			buildSettings = {
				ALWAYS_SEARCH_USER_PATHS = NO;
				CLANG_ANALYZER_NONNULL = YES;
				CLANG_ANALYZER_NUMBER_OBJECT_CONVERSION = YES_AGGRESSIVE;
				CLANG_CXX_LANGUAGE_STANDARD = "gnu++20";
				CLANG_ENABLE_MODULES = YES;
				CLANG_ENABLE_OBJC_ARC = YES;
				CLANG_ENABLE_OBJC_WEAK = YES;
				CLANG_WARN_BLOCK_CAPTURE_AUTORELEASING = YES;
				CLANG_WARN_BOOL_CONVERSION = YES;
				CLANG_WARN_COMMA = YES;
				CLANG_WARN_CONSTANT_CONVERSION = YES;
				CLANG_WARN_DEPRECATED_OBJC_IMPLEMENTATIONS = YES;
				CLANG_WARN_DIRECT_OBJC_ISA_USAGE = YES_ERROR;
				CLANG_WARN_DOCUMENTATION_COMMENTS = YES;
				CLANG_WARN_EMPTY_BODY = YES;
				CLANG_WARN_ENUM_CONVERSION = YES;
				CLANG_WARN_INFINITE_RECURSION = YES;
				CLANG_WARN_INT_CONVERSION = YES;
				CLANG_WARN_NON_LITERAL_NULL_CONVERSION = YES;
				CLANG_WARN_OBJC_IMPLICIT_RETAIN_SELF = YES;
				CLANG_WARN_OBJC_LITERAL_CONVERSION = YES;
				CLANG_WARN_OBJC_ROOT_CLASS = YES_ERROR;
				CLANG_WARN_QUOTED_INCLUDE_IN_FRAMEWORK_HEADER = YES;
				CLANG_WARN_RANGE_LOOP_ANALYSIS = YES;
				CLANG_WARN_STRICT_PROTOTYPES = YES;
				CLANG_WARN_SUSPICIOUS_MOVE = YES;
				CLANG_WARN_UNGUARDED_AVAILABILITY = YES_AGGRESSIVE;
				CLANG_WARN_UNREACHABLE_CODE = YES;
				CLANG_WARN__DUPLICATE_METHOD_MATCH = YES;
				COPY_PHASE_STRIP = NO;
				DEBUG_INFORMATION_FORMAT = dwarf;
				ENABLE_STRICT_OBJC_MSGSEND = YES;
				ENABLE_TESTABILITY = YES;
				GCC_C_LANGUAGE_STANDARD = gnu11;
				GCC_DYNAMIC_NO_PIC = NO;
				GCC_NO_COMMON_BLOCKS = YES;
				GCC_OPTIMIZATION_LEVEL = 0;
				GCC_PREPROCESSOR_DEFINITIONS = (
					"DEBUG=1",
					"$(inherited)",
				);
				GCC_WARN_64_TO_32_BIT_CONVERSION = YES;
				GCC_WARN_ABOUT_RETURN_TYPE = YES_ERROR;
				GCC_WARN_UNDECLARED_SELECTOR = YES;
				GCC_WARN_UNINITIALIZED_AUTOS = YES_AGGRESSIVE;
				GCC_WARN_UNUSED_FUNCTION = YES;
				GCC_WARN_UNUSED_VARIABLE = YES;
				IPHONEOS_DEPLOYMENT_TARGET = 16.2;
				MTL_ENABLE_DEBUG_INFO = INCLUDE_SOURCE;
				MTL_FAST_MATH = YES;
				ONLY_ACTIVE_ARCH = YES;
				SDKROOT = iphoneos;
				SWIFT_ACTIVE_COMPILATION_CONDITIONS = DEBUG;
				SWIFT_OPTIMIZATION_LEVEL = "-Onone";
			};
			name = Debug;
		};
		ACD93F8829B0CA2900604CBE /* Release */ = {
			isa = XCBuildConfiguration;
			buildSettings = {
				ALWAYS_SEARCH_USER_PATHS = NO;
				CLANG_ANALYZER_NONNULL = YES;
				CLANG_ANALYZER_NUMBER_OBJECT_CONVERSION = YES_AGGRESSIVE;
				CLANG_CXX_LANGUAGE_STANDARD = "gnu++20";
				CLANG_ENABLE_MODULES = YES;
				CLANG_ENABLE_OBJC_ARC = YES;
				CLANG_ENABLE_OBJC_WEAK = YES;
				CLANG_WARN_BLOCK_CAPTURE_AUTORELEASING = YES;
				CLANG_WARN_BOOL_CONVERSION = YES;
				CLANG_WARN_COMMA = YES;
				CLANG_WARN_CONSTANT_CONVERSION = YES;
				CLANG_WARN_DEPRECATED_OBJC_IMPLEMENTATIONS = YES;
				CLANG_WARN_DIRECT_OBJC_ISA_USAGE = YES_ERROR;
				CLANG_WARN_DOCUMENTATION_COMMENTS = YES;
				CLANG_WARN_EMPTY_BODY = YES;
				CLANG_WARN_ENUM_CONVERSION = YES;
				CLANG_WARN_INFINITE_RECURSION = YES;
				CLANG_WARN_INT_CONVERSION = YES;
				CLANG_WARN_NON_LITERAL_NULL_CONVERSION = YES;
				CLANG_WARN_OBJC_IMPLICIT_RETAIN_SELF = YES;
				CLANG_WARN_OBJC_LITERAL_CONVERSION = YES;
				CLANG_WARN_OBJC_ROOT_CLASS = YES_ERROR;
				CLANG_WARN_QUOTED_INCLUDE_IN_FRAMEWORK_HEADER = YES;
				CLANG_WARN_RANGE_LOOP_ANALYSIS = YES;
				CLANG_WARN_STRICT_PROTOTYPES = YES;
				CLANG_WARN_SUSPICIOUS_MOVE = YES;
				CLANG_WARN_UNGUARDED_AVAILABILITY = YES_AGGRESSIVE;
				CLANG_WARN_UNREACHABLE_CODE = YES;
				CLANG_WARN__DUPLICATE_METHOD_MATCH = YES;
				COPY_PHASE_STRIP = NO;
				DEBUG_INFORMATION_FORMAT = "dwarf-with-dsym";
				ENABLE_NS_ASSERTIONS = NO;
				ENABLE_STRICT_OBJC_MSGSEND = YES;
				GCC_C_LANGUAGE_STANDARD = gnu11;
				GCC_NO_COMMON_BLOCKS = YES;
				GCC_WARN_64_TO_32_BIT_CONVERSION = YES;
				GCC_WARN_ABOUT_RETURN_TYPE = YES_ERROR;
				GCC_WARN_UNDECLARED_SELECTOR = YES;
				GCC_WARN_UNINITIALIZED_AUTOS = YES_AGGRESSIVE;
				GCC_WARN_UNUSED_FUNCTION = YES;
				GCC_WARN_UNUSED_VARIABLE = YES;
				IPHONEOS_DEPLOYMENT_TARGET = 16.2;
				MTL_ENABLE_DEBUG_INFO = NO;
				MTL_FAST_MATH = YES;
				SDKROOT = iphoneos;
				SWIFT_COMPILATION_MODE = wholemodule;
				SWIFT_OPTIMIZATION_LEVEL = "-O";
				VALIDATE_PRODUCT = YES;
			};
			name = Release;
		};
		ACD93F8A29B0CA2900604CBE /* Debug */ = {
			isa = XCBuildConfiguration;
			buildSettings = {
				ASSETCATALOG_COMPILER_APPICON_NAME = AppIcon;
				ASSETCATALOG_COMPILER_GLOBAL_ACCENT_COLOR_NAME = AccentColor;
				CODE_SIGN_STYLE = Automatic;
				CURRENT_PROJECT_VERSION = 1;
				DEVELOPMENT_TEAM = V92W5X939L;
				GENERATE_INFOPLIST_FILE = YES;
				INFOPLIST_FILE = HotelCalifornia/Info.plist;
				INFOPLIST_KEY_UIApplicationSupportsIndirectInputEvents = YES;
				INFOPLIST_KEY_UILaunchStoryboardName = LaunchScreen;
				INFOPLIST_KEY_UIMainStoryboardFile = Main;
				INFOPLIST_KEY_UISupportedInterfaceOrientations_iPad = "UIInterfaceOrientationPortrait UIInterfaceOrientationPortraitUpsideDown UIInterfaceOrientationLandscapeLeft UIInterfaceOrientationLandscapeRight";
				INFOPLIST_KEY_UISupportedInterfaceOrientations_iPhone = "UIInterfaceOrientationPortrait UIInterfaceOrientationLandscapeLeft UIInterfaceOrientationLandscapeRight";
				LD_RUNPATH_SEARCH_PATHS = (
					"$(inherited)",
					"@executable_path/Frameworks",
				);
				MARKETING_VERSION = 1.0;
				PRODUCT_BUNDLE_IDENTIFIER = com.furkanbingol.HotelCalifornia;
				PRODUCT_NAME = "$(TARGET_NAME)";
				SWIFT_EMIT_LOC_STRINGS = YES;
				SWIFT_VERSION = 5.0;
				TARGETED_DEVICE_FAMILY = "1,2";
			};
			name = Debug;
		};
		ACD93F8B29B0CA2900604CBE /* Release */ = {
			isa = XCBuildConfiguration;
			buildSettings = {
				ASSETCATALOG_COMPILER_APPICON_NAME = AppIcon;
				ASSETCATALOG_COMPILER_GLOBAL_ACCENT_COLOR_NAME = AccentColor;
				CODE_SIGN_STYLE = Automatic;
				CURRENT_PROJECT_VERSION = 1;
				DEVELOPMENT_TEAM = V92W5X939L;
				GENERATE_INFOPLIST_FILE = YES;
				INFOPLIST_FILE = HotelCalifornia/Info.plist;
				INFOPLIST_KEY_UIApplicationSupportsIndirectInputEvents = YES;
				INFOPLIST_KEY_UILaunchStoryboardName = LaunchScreen;
				INFOPLIST_KEY_UIMainStoryboardFile = Main;
				INFOPLIST_KEY_UISupportedInterfaceOrientations_iPad = "UIInterfaceOrientationPortrait UIInterfaceOrientationPortraitUpsideDown UIInterfaceOrientationLandscapeLeft UIInterfaceOrientationLandscapeRight";
				INFOPLIST_KEY_UISupportedInterfaceOrientations_iPhone = "UIInterfaceOrientationPortrait UIInterfaceOrientationLandscapeLeft UIInterfaceOrientationLandscapeRight";
				LD_RUNPATH_SEARCH_PATHS = (
					"$(inherited)",
					"@executable_path/Frameworks",
				);
				MARKETING_VERSION = 1.0;
				PRODUCT_BUNDLE_IDENTIFIER = com.furkanbingol.HotelCalifornia;
				PRODUCT_NAME = "$(TARGET_NAME)";
				SWIFT_EMIT_LOC_STRINGS = YES;
				SWIFT_VERSION = 5.0;
				TARGETED_DEVICE_FAMILY = "1,2";
			};
			name = Release;
		};
/* End XCBuildConfiguration section */

/* Begin XCConfigurationList section */
		ACD93F7029B0CA2900604CBE /* Build configuration list for PBXProject "HotelCalifornia" */ = {
			isa = XCConfigurationList;
			buildConfigurations = (
				ACD93F8729B0CA2900604CBE /* Debug */,
				ACD93F8829B0CA2900604CBE /* Release */,
			);
			defaultConfigurationIsVisible = 0;
			defaultConfigurationName = Release;
		};
		ACD93F8929B0CA2900604CBE /* Build configuration list for PBXNativeTarget "HotelCalifornia" */ = {
			isa = XCConfigurationList;
			buildConfigurations = (
				ACD93F8A29B0CA2900604CBE /* Debug */,
				ACD93F8B29B0CA2900604CBE /* Release */,
			);
			defaultConfigurationIsVisible = 0;
			defaultConfigurationName = Release;
		};
/* End XCConfigurationList section */
	};
	rootObject = ACD93F6D29B0CA2900604CBE /* Project object */;
}
